// !$*UTF8*$!
{
	archiveVersion = 1;
	classes = {
	};
	objectVersion = 56;
	objects = {

/* Begin PBXBuildFile section */
		CE16E7FD2A6E045A004449CA /* ViewController.swift in Sources */ = {isa = PBXBuildFile; fileRef = CE16E7FC2A6E045A004449CA /* ViewController.swift */; };
		CE16E8232A6E6A97004449CA /* LEDBoardViewController.swift in Sources */ = {isa = PBXBuildFile; fileRef = CE16E8222A6E6A97004449CA /* LEDBoardViewController.swift */; };
		CE16E87F2A7112F2004449CA /* NewWordEnum.swift in Sources */ = {isa = PBXBuildFile; fileRef = CE16E87E2A7112F2004449CA /* NewWordEnum.swift */; };
		CE4C4ED52A6D036C00DCFD15 /* InstagramLayoutViewController.swift in Sources */ = {isa = PBXBuildFile; fileRef = CE4C4ED42A6D036C00DCFD15 /* InstagramLayoutViewController.swift */; };
		CE5D92612A68DAD400D87497 /* AppDelegate.swift in Sources */ = {isa = PBXBuildFile; fileRef = CE5D92602A68DAD400D87497 /* AppDelegate.swift */; };
		CE5D92632A68DAD400D87497 /* SceneDelegate.swift in Sources */ = {isa = PBXBuildFile; fileRef = CE5D92622A68DAD400D87497 /* SceneDelegate.swift */; };
		CE5D92682A68DAD400D87497 /* Main.storyboard in Resources */ = {isa = PBXBuildFile; fileRef = CE5D92662A68DAD400D87497 /* Main.storyboard */; };
		CE5D926A2A68DAD500D87497 /* Assets.xcassets in Resources */ = {isa = PBXBuildFile; fileRef = CE5D92692A68DAD500D87497 /* Assets.xcassets */; };
		CE5D926D2A68DAD500D87497 /* LaunchScreen.storyboard in Resources */ = {isa = PBXBuildFile; fileRef = CE5D926B2A68DAD500D87497 /* LaunchScreen.storyboard */; };
		CE5D92992A692BF900D87497 /* WordViewController.swift in Sources */ = {isa = PBXBuildFile; fileRef = CE5D92982A692BF900D87497 /* WordViewController.swift */; };
		CE5D92A42A6A123800D87497 /* AutolayoutStoryboard.storyboard in Resources */ = {isa = PBXBuildFile; fileRef = CE5D92A32A6A123800D87497 /* AutolayoutStoryboard.storyboard */; };
		CE5D92A62A6A4AEB00D87497 /* NewWordViewController.swift in Sources */ = {isa = PBXBuildFile; fileRef = CE5D92A52A6A4AEB00D87497 /* NewWordViewController.swift */; };
/* End PBXBuildFile section */

/* Begin PBXFileReference section */
		CE16E7FC2A6E045A004449CA /* ViewController.swift */ = {isa = PBXFileReference; lastKnownFileType = sourcecode.swift; path = ViewController.swift; sourceTree = "<group>"; };
		CE16E8222A6E6A97004449CA /* LEDBoardViewController.swift */ = {isa = PBXFileReference; lastKnownFileType = sourcecode.swift; path = LEDBoardViewController.swift; sourceTree = "<group>"; };
		CE16E87E2A7112F2004449CA /* NewWordEnum.swift */ = {isa = PBXFileReference; lastKnownFileType = sourcecode.swift; path = NewWordEnum.swift; sourceTree = "<group>"; };
		CE4C4ED42A6D036C00DCFD15 /* InstagramLayoutViewController.swift */ = {isa = PBXFileReference; lastKnownFileType = sourcecode.swift; path = InstagramLayoutViewController.swift; sourceTree = "<group>"; };
		CE5D925D2A68DAD400D87497 /* NewlyCoinedWord.app */ = {isa = PBXFileReference; explicitFileType = wrapper.application; includeInIndex = 0; path = NewlyCoinedWord.app; sourceTree = BUILT_PRODUCTS_DIR; };
		CE5D92602A68DAD400D87497 /* AppDelegate.swift */ = {isa = PBXFileReference; lastKnownFileType = sourcecode.swift; path = AppDelegate.swift; sourceTree = "<group>"; };
		CE5D92622A68DAD400D87497 /* SceneDelegate.swift */ = {isa = PBXFileReference; lastKnownFileType = sourcecode.swift; path = SceneDelegate.swift; sourceTree = "<group>"; };
		CE5D92672A68DAD400D87497 /* Base */ = {isa = PBXFileReference; lastKnownFileType = file.storyboard; name = Base; path = Base.lproj/Main.storyboard; sourceTree = "<group>"; };
		CE5D92692A68DAD500D87497 /* Assets.xcassets */ = {isa = PBXFileReference; lastKnownFileType = folder.assetcatalog; path = Assets.xcassets; sourceTree = "<group>"; };
		CE5D926C2A68DAD500D87497 /* Base */ = {isa = PBXFileReference; lastKnownFileType = file.storyboard; name = Base; path = Base.lproj/LaunchScreen.storyboard; sourceTree = "<group>"; };
		CE5D926E2A68DAD500D87497 /* Info.plist */ = {isa = PBXFileReference; lastKnownFileType = text.plist.xml; path = Info.plist; sourceTree = "<group>"; };
		CE5D92982A692BF900D87497 /* WordViewController.swift */ = {isa = PBXFileReference; lastKnownFileType = sourcecode.swift; name = WordViewController.swift; path = NewlyCoinedWord/WordViewController.swift; sourceTree = SOURCE_ROOT; };
		CE5D92A32A6A123800D87497 /* AutolayoutStoryboard.storyboard */ = {isa = PBXFileReference; lastKnownFileType = file.storyboard; path = AutolayoutStoryboard.storyboard; sourceTree = "<group>"; };
		CE5D92A52A6A4AEB00D87497 /* NewWordViewController.swift */ = {isa = PBXFileReference; lastKnownFileType = sourcecode.swift; path = NewWordViewController.swift; sourceTree = "<group>"; };
/* End PBXFileReference section */

/* Begin PBXFrameworksBuildPhase section */
		CE5D925A2A68DAD400D87497 /* Frameworks */ = {
			isa = PBXFrameworksBuildPhase;
			buildActionMask = 2147483647;
			files = (
			);
			runOnlyForDeploymentPostprocessing = 0;
		};
/* End PBXFrameworksBuildPhase section */

/* Begin PBXGroup section */
		CE5D92542A68DAD400D87497 = {
			isa = PBXGroup;
			children = (
				CE5D925F2A68DAD400D87497 /* NewlyCoinedWord */,
				CE5D925E2A68DAD400D87497 /* Products */,
			);
			sourceTree = "<group>";
		};
		CE5D925E2A68DAD400D87497 /* Products */ = {
			isa = PBXGroup;
			children = (
				CE5D925D2A68DAD400D87497 /* NewlyCoinedWord.app */,
			);
			name = Products;
			sourceTree = "<group>";
		};
		CE5D925F2A68DAD400D87497 /* NewlyCoinedWord */ = {
			isa = PBXGroup;
			children = (
				CE5D92662A68DAD400D87497 /* Main.storyboard */,
				CE16E8222A6E6A97004449CA /* LEDBoardViewController.swift */,
				CE5D92982A692BF900D87497 /* WordViewController.swift */,
				CE16E87E2A7112F2004449CA /* NewWordEnum.swift */,
				CE16E7FC2A6E045A004449CA /* ViewController.swift */,
				CE4C4ED42A6D036C00DCFD15 /* InstagramLayoutViewController.swift */,
				CE5D92602A68DAD400D87497 /* AppDelegate.swift */,
				CE5D92622A68DAD400D87497 /* SceneDelegate.swift */,
				CE5D92A32A6A123800D87497 /* AutolayoutStoryboard.storyboard */,
				CE5D92A52A6A4AEB00D87497 /* NewWordViewController.swift */,
				CE5D92692A68DAD500D87497 /* Assets.xcassets */,
				CE5D926B2A68DAD500D87497 /* LaunchScreen.storyboard */,
				CE5D926E2A68DAD500D87497 /* Info.plist */,
			);
			path = NewlyCoinedWord;
			sourceTree = "<group>";
		};
/* End PBXGroup section */

/* Begin PBXNativeTarget section */
		CE5D925C2A68DAD400D87497 /* NewlyCoinedWord */ = {
			isa = PBXNativeTarget;
			buildConfigurationList = CE5D92712A68DAD500D87497 /* Build configuration list for PBXNativeTarget "NewlyCoinedWord" */;
			buildPhases = (
				CE5D92592A68DAD400D87497 /* Sources */,
				CE5D925A2A68DAD400D87497 /* Frameworks */,
				CE5D925B2A68DAD400D87497 /* Resources */,
			);
			buildRules = (
			);
			dependencies = (
			);
			name = NewlyCoinedWord;
			productName = NewlyCoinedWord;
			productReference = CE5D925D2A68DAD400D87497 /* NewlyCoinedWord.app */;
			productType = "com.apple.product-type.application";
		};
/* End PBXNativeTarget section */

/* Begin PBXProject section */
		CE5D92552A68DAD400D87497 /* Project object */ = {
			isa = PBXProject;
			attributes = {
				BuildIndependentTargetsInParallel = 1;
				LastSwiftUpdateCheck = 1430;
				LastUpgradeCheck = 1430;
				TargetAttributes = {
					CE5D925C2A68DAD400D87497 = {
						CreatedOnToolsVersion = 14.3.1;
					};
				};
			};
			buildConfigurationList = CE5D92582A68DAD400D87497 /* Build configuration list for PBXProject "NewlyCoinedWord" */;
			compatibilityVersion = "Xcode 14.0";
			developmentRegion = en;
			hasScannedForEncodings = 0;
			knownRegions = (
				en,
				Base,
			);
			mainGroup = CE5D92542A68DAD400D87497;
			productRefGroup = CE5D925E2A68DAD400D87497 /* Products */;
			projectDirPath = "";
			projectRoot = "";
			targets = (
				CE5D925C2A68DAD400D87497 /* NewlyCoinedWord */,
			);
		};
/* End PBXProject section */

/* Begin PBXResourcesBuildPhase section */
		CE5D925B2A68DAD400D87497 /* Resources */ = {
			isa = PBXResourcesBuildPhase;
			buildActionMask = 2147483647;
			files = (
				CE5D92A42A6A123800D87497 /* AutolayoutStoryboard.storyboard in Resources */,
				CE5D926D2A68DAD500D87497 /* LaunchScreen.storyboard in Resources */,
				CE5D926A2A68DAD500D87497 /* Assets.xcassets in Resources */,
				CE5D92682A68DAD400D87497 /* Main.storyboard in Resources */,
			);
			runOnlyForDeploymentPostprocessing = 0;
		};
/* End PBXResourcesBuildPhase section */

/* Begin PBXSourcesBuildPhase section */
		CE5D92592A68DAD400D87497 /* Sources */ = {
			isa = PBXSourcesBuildPhase;
			buildActionMask = 2147483647;
			files = (
				CE16E8232A6E6A97004449CA /* LEDBoardViewController.swift in Sources */,
				CE16E7FD2A6E045A004449CA /* ViewController.swift in Sources */,
				CE5D92992A692BF900D87497 /* WordViewController.swift in Sources */,
				CE4C4ED52A6D036C00DCFD15 /* InstagramLayoutViewController.swift in Sources */,
				CE5D92612A68DAD400D87497 /* AppDelegate.swift in Sources */,
				CE5D92632A68DAD400D87497 /* SceneDelegate.swift in Sources */,
				CE5D92A62A6A4AEB00D87497 /* NewWordViewController.swift in Sources */,
				CE16E87F2A7112F2004449CA /* NewWordEnum.swift in Sources */,
			);
			runOnlyForDeploymentPostprocessing = 0;
		};
/* End PBXSourcesBuildPhase section */

/* Begin PBXVariantGroup section */
		CE5D92662A68DAD400D87497 /* Main.storyboard */ = {
			isa = PBXVariantGroup;
			children = (
				CE5D92672A68DAD400D87497 /* Base */,
			);
			name = Main.storyboard;
			sourceTree = "<group>";
		};
		CE5D926B2A68DAD500D87497 /* LaunchScreen.storyboard */ = {
			isa = PBXVariantGroup;
			children = (
				CE5D926C2A68DAD500D87497 /* Base */,
			);
			name = LaunchScreen.storyboard;
			sourceTree = "<group>";
		};
/* End PBXVariantGroup section */

/* Begin XCBuildConfiguration section */
		CE5D926F2A68DAD500D87497 /* Debug */ = {
			isa = XCBuildConfiguration;
			buildSettings = {
				ALWAYS_SEARCH_USER_PATHS = NO;
				CLANG_ANALYZER_NONNULL = YES;
				CLANG_ANALYZER_NUMBER_OBJECT_CONVERSION = YES_AGGRESSIVE;
				CLANG_CXX_LANGUAGE_STANDARD = "gnu++20";
				CLANG_ENABLE_MODULES = YES;
				CLANG_ENABLE_OBJC_ARC = YES;
				CLANG_ENABLE_OBJC_WEAK = YES;
				CLANG_WARN_BLOCK_CAPTURE_AUTORELEASING = YES;
				CLANG_WARN_BOOL_CONVERSION = YES;
				CLANG_WARN_COMMA = YES;
				CLANG_WARN_CONSTANT_CONVERSION = YES;
				CLANG_WARN_DEPRECATED_OBJC_IMPLEMENTATIONS = YES;
				CLANG_WARN_DIRECT_OBJC_ISA_USAGE = YES_ERROR;
				CLANG_WARN_DOCUMENTATION_COMMENTS = YES;
				CLANG_WARN_EMPTY_BODY = YES;
				CLANG_WARN_ENUM_CONVERSION = YES;
				CLANG_WARN_INFINITE_RECURSION = YES;
				CLANG_WARN_INT_CONVERSION = YES;
				CLANG_WARN_NON_LITERAL_NULL_CONVERSION = YES;
				CLANG_WARN_OBJC_IMPLICIT_RETAIN_SELF = YES;
				CLANG_WARN_OBJC_LITERAL_CONVERSION = YES;
				CLANG_WARN_OBJC_ROOT_CLASS = YES_ERROR;
				CLANG_WARN_QUOTED_INCLUDE_IN_FRAMEWORK_HEADER = YES;
				CLANG_WARN_RANGE_LOOP_ANALYSIS = YES;
				CLANG_WARN_STRICT_PROTOTYPES = YES;
				CLANG_WARN_SUSPICIOUS_MOVE = YES;
				CLANG_WARN_UNGUARDED_AVAILABILITY = YES_AGGRESSIVE;
				CLANG_WARN_UNREACHABLE_CODE = YES;
				CLANG_WARN__DUPLICATE_METHOD_MATCH = YES;
				COPY_PHASE_STRIP = NO;
				DEBUG_INFORMATION_FORMAT = dwarf;
				ENABLE_STRICT_OBJC_MSGSEND = YES;
				ENABLE_TESTABILITY = YES;
				GCC_C_LANGUAGE_STANDARD = gnu11;
				GCC_DYNAMIC_NO_PIC = NO;
				GCC_NO_COMMON_BLOCKS = YES;
				GCC_OPTIMIZATION_LEVEL = 0;
				GCC_PREPROCESSOR_DEFINITIONS = (
					"DEBUG=1",
					"$(inherited)",
				);
				GCC_WARN_64_TO_32_BIT_CONVERSION = YES;
				GCC_WARN_ABOUT_RETURN_TYPE = YES_ERROR;
				GCC_WARN_UNDECLARED_SELECTOR = YES;
				GCC_WARN_UNINITIALIZED_AUTOS = YES_AGGRESSIVE;
				GCC_WARN_UNUSED_FUNCTION = YES;
				GCC_WARN_UNUSED_VARIABLE = YES;
				IPHONEOS_DEPLOYMENT_TARGET = 16.4;
				MTL_ENABLE_DEBUG_INFO = INCLUDE_SOURCE;
				MTL_FAST_MATH = YES;
				ONLY_ACTIVE_ARCH = YES;
				SDKROOT = iphoneos;
				SWIFT_ACTIVE_COMPILATION_CONDITIONS = DEBUG;
				SWIFT_OPTIMIZATION_LEVEL = "-Onone";
			};
			name = Debug;
		};
		CE5D92702A68DAD500D87497 /* Release */ = {
			isa = XCBuildConfiguration;
			buildSettings = {
				ALWAYS_SEARCH_USER_PATHS = NO;
				CLANG_ANALYZER_NONNULL = YES;
				CLANG_ANALYZER_NUMBER_OBJECT_CONVERSION = YES_AGGRESSIVE;
				CLANG_CXX_LANGUAGE_STANDARD = "gnu++20";
				CLANG_ENABLE_MODULES = YES;
				CLANG_ENABLE_OBJC_ARC = YES;
				CLANG_ENABLE_OBJC_WEAK = YES;
				CLANG_WARN_BLOCK_CAPTURE_AUTORELEASING = YES;
				CLANG_WARN_BOOL_CONVERSION = YES;
				CLANG_WARN_COMMA = YES;
				CLANG_WARN_CONSTANT_CONVERSION = YES;
				CLANG_WARN_DEPRECATED_OBJC_IMPLEMENTATIONS = YES;
				CLANG_WARN_DIRECT_OBJC_ISA_USAGE = YES_ERROR;
				CLANG_WARN_DOCUMENTATION_COMMENTS = YES;
				CLANG_WARN_EMPTY_BODY = YES;
				CLANG_WARN_ENUM_CONVERSION = YES;
				CLANG_WARN_INFINITE_RECURSION = YES;
				CLANG_WARN_INT_CONVERSION = YES;
				CLANG_WARN_NON_LITERAL_NULL_CONVERSION = YES;
				CLANG_WARN_OBJC_IMPLICIT_RETAIN_SELF = YES;
				CLANG_WARN_OBJC_LITERAL_CONVERSION = YES;
				CLANG_WARN_OBJC_ROOT_CLASS = YES_ERROR;
				CLANG_WARN_QUOTED_INCLUDE_IN_FRAMEWORK_HEADER = YES;
				CLANG_WARN_RANGE_LOOP_ANALYSIS = YES;
				CLANG_WARN_STRICT_PROTOTYPES = YES;
				CLANG_WARN_SUSPICIOUS_MOVE = YES;
				CLANG_WARN_UNGUARDED_AVAILABILITY = YES_AGGRESSIVE;
				CLANG_WARN_UNREACHABLE_CODE = YES;
				CLANG_WARN__DUPLICATE_METHOD_MATCH = YES;
				COPY_PHASE_STRIP = NO;
				DEBUG_INFORMATION_FORMAT = "dwarf-with-dsym";
				ENABLE_NS_ASSERTIONS = NO;
				ENABLE_STRICT_OBJC_MSGSEND = YES;
				GCC_C_LANGUAGE_STANDARD = gnu11;
				GCC_NO_COMMON_BLOCKS = YES;
				GCC_WARN_64_TO_32_BIT_CONVERSION = YES;
				GCC_WARN_ABOUT_RETURN_TYPE = YES_ERROR;
				GCC_WARN_UNDECLARED_SELECTOR = YES;
				GCC_WARN_UNINITIALIZED_AUTOS = YES_AGGRESSIVE;
				GCC_WARN_UNUSED_FUNCTION = YES;
				GCC_WARN_UNUSED_VARIABLE = YES;
				IPHONEOS_DEPLOYMENT_TARGET = 16.4;
				MTL_ENABLE_DEBUG_INFO = NO;
				MTL_FAST_MATH = YES;
				SDKROOT = iphoneos;
				SWIFT_COMPILATION_MODE = wholemodule;
				SWIFT_OPTIMIZATION_LEVEL = "-O";
				VALIDATE_PRODUCT = YES;
			};
			name = Release;
		};
		CE5D92722A68DAD500D87497 /* Debug */ = {
			isa = XCBuildConfiguration;
			buildSettings = {
				ASSETCATALOG_COMPILER_APPICON_NAME = AppIcon;
				ASSETCATALOG_COMPILER_GLOBAL_ACCENT_COLOR_NAME = AccentColor;
				CODE_SIGN_STYLE = Automatic;
				CURRENT_PROJECT_VERSION = 1;
				DEVELOPMENT_TEAM = DJP8DYB9HG;
				GENERATE_INFOPLIST_FILE = YES;
				INFOPLIST_FILE = NewlyCoinedWord/Info.plist;
				INFOPLIST_KEY_UIApplicationSupportsIndirectInputEvents = YES;
				INFOPLIST_KEY_UILaunchStoryboardName = LaunchScreen;
				INFOPLIST_KEY_UIMainStoryboardFile = Main;
				INFOPLIST_KEY_UISupportedInterfaceOrientations_iPad = "UIInterfaceOrientationPortrait UIInterfaceOrientationPortraitUpsideDown UIInterfaceOrientationLandscapeLeft UIInterfaceOrientationLandscapeRight";
				INFOPLIST_KEY_UISupportedInterfaceOrientations_iPhone = "UIInterfaceOrientationPortrait UIInterfaceOrientationLandscapeLeft UIInterfaceOrientationLandscapeRight";
				IPHONEOS_DEPLOYMENT_TARGET = 16.4;
				LD_RUNPATH_SEARCH_PATHS = (
					"$(inherited)",
					"@executable_path/Frameworks",
				);
				MARKETING_VERSION = 1.0;
				PRODUCT_BUNDLE_IDENTIFIER = com.jiyeon.NewlyCoinedWord;
				PRODUCT_NAME = "$(TARGET_NAME)";
				SWIFT_EMIT_LOC_STRINGS = YES;
				SWIFT_VERSION = 5.0;
				TARGETED_DEVICE_FAMILY = "1,2";
			};
			name = Debug;
		};
		CE5D92732A68DAD500D87497 /* Release */ = {
			isa = XCBuildConfiguration;
			buildSettings = {
				ASSETCATALOG_COMPILER_APPICON_NAME = AppIcon;
				ASSETCATALOG_COMPILER_GLOBAL_ACCENT_COLOR_NAME = AccentColor;
				CODE_SIGN_STYLE = Automatic;
				CURRENT_PROJECT_VERSION = 1;
				DEVELOPMENT_TEAM = DJP8DYB9HG;
				GENERATE_INFOPLIST_FILE = YES;
				INFOPLIST_FILE = NewlyCoinedWord/Info.plist;
				INFOPLIST_KEY_UIApplicationSupportsIndirectInputEvents = YES;
				INFOPLIST_KEY_UILaunchStoryboardName = LaunchScreen;
				INFOPLIST_KEY_UIMainStoryboardFile = Main;
				INFOPLIST_KEY_UISupportedInterfaceOrientations_iPad = "UIInterfaceOrientationPortrait UIInterfaceOrientationPortraitUpsideDown UIInterfaceOrientationLandscapeLeft UIInterfaceOrientationLandscapeRight";
				INFOPLIST_KEY_UISupportedInterfaceOrientations_iPhone = "UIInterfaceOrientationPortrait UIInterfaceOrientationLandscapeLeft UIInterfaceOrientationLandscapeRight";
				IPHONEOS_DEPLOYMENT_TARGET = 16.4;
				LD_RUNPATH_SEARCH_PATHS = (
					"$(inherited)",
					"@executable_path/Frameworks",
				);
				MARKETING_VERSION = 1.0;
				PRODUCT_BUNDLE_IDENTIFIER = com.jiyeon.NewlyCoinedWord;
				PRODUCT_NAME = "$(TARGET_NAME)";
				SWIFT_EMIT_LOC_STRINGS = YES;
				SWIFT_VERSION = 5.0;
				TARGETED_DEVICE_FAMILY = "1,2";
			};
			name = Release;
		};
/* End XCBuildConfiguration section */

/* Begin XCConfigurationList section */
		CE5D92582A68DAD400D87497 /* Build configuration list for PBXProject "NewlyCoinedWord" */ = {
			isa = XCConfigurationList;
			buildConfigurations = (
				CE5D926F2A68DAD500D87497 /* Debug */,
				CE5D92702A68DAD500D87497 /* Release */,
			);
			defaultConfigurationIsVisible = 0;
			defaultConfigurationName = Release;
		};
		CE5D92712A68DAD500D87497 /* Build configuration list for PBXNativeTarget "NewlyCoinedWord" */ = {
			isa = XCConfigurationList;
			buildConfigurations = (
				CE5D92722A68DAD500D87497 /* Debug */,
				CE5D92732A68DAD500D87497 /* Release */,
			);
			defaultConfigurationIsVisible = 0;
			defaultConfigurationName = Release;
		};
/* End XCConfigurationList section */
	};
	rootObject = CE5D92552A68DAD400D87497 /* Project object */;
}
