// !$*UTF8*$!
{
	archiveVersion = 1;
	classes = {
	};
	objectVersion = 56;
	objects = {

/* Begin PBXBuildFile section */
		CE67F5522A789B690007EE5C /* SettingTableViewController.swift in Sources */ = {isa = PBXBuildFile; fileRef = CE67F5512A789B690007EE5C /* SettingTableViewController.swift */; };
		CEA154962A79F23000B847D3 /* TimelineViewController.swift in Sources */ = {isa = PBXBuildFile; fileRef = CEA154952A79F23000B847D3 /* TimelineViewController.swift */; };
		CEAD65972A773A65003E968C /* AppDelegate.swift in Sources */ = {isa = PBXBuildFile; fileRef = CEAD65962A773A65003E968C /* AppDelegate.swift */; };
		CEAD65992A773A65003E968C /* SceneDelegate.swift in Sources */ = {isa = PBXBuildFile; fileRef = CEAD65982A773A65003E968C /* SceneDelegate.swift */; };
		CEAD659B2A773A65003E968C /* AddViewController.swift in Sources */ = {isa = PBXBuildFile; fileRef = CEAD659A2A773A65003E968C /* AddViewController.swift */; };
		CEAD659E2A773A65003E968C /* Main.storyboard in Resources */ = {isa = PBXBuildFile; fileRef = CEAD659C2A773A65003E968C /* Main.storyboard */; };
		CEAD65A02A773A66003E968C /* Assets.xcassets in Resources */ = {isa = PBXBuildFile; fileRef = CEAD659F2A773A66003E968C /* Assets.xcassets */; };
		CEAD65A32A773A66003E968C /* LaunchScreen.storyboard in Resources */ = {isa = PBXBuildFile; fileRef = CEAD65A12A773A66003E968C /* LaunchScreen.storyboard */; };
		CEAD65AB2A773ACB003E968C /* DiaryTableViewController.swift in Sources */ = {isa = PBXBuildFile; fileRef = CEAD65AA2A773ACB003E968C /* DiaryTableViewController.swift */; };
		CEAD65AE2A773BC4003E968C /* DiaryTableViewCell.swift in Sources */ = {isa = PBXBuildFile; fileRef = CEAD65AC2A773BC4003E968C /* DiaryTableViewCell.swift */; };
		CEAD65AF2A773BC4003E968C /* DiaryTableViewCell.xib in Resources */ = {isa = PBXBuildFile; fileRef = CEAD65AD2A773BC4003E968C /* DiaryTableViewCell.xib */; };
		CEAD65B12A7752B8003E968C /* DetailViewController.swift in Sources */ = {isa = PBXBuildFile; fileRef = CEAD65B02A7752B8003E968C /* DetailViewController.swift */; };
		CEAD65B32A776259003E968C /* Extension+UIViewController.swift in Sources */ = {isa = PBXBuildFile; fileRef = CEAD65B22A776259003E968C /* Extension+UIViewController.swift */; };
		CEAD65B52A77795E003E968C /* SearchCollectionViewController.swift in Sources */ = {isa = PBXBuildFile; fileRef = CEAD65B42A77795E003E968C /* SearchCollectionViewController.swift */; };
		CEAD65B82A777AE1003E968C /* SearchCollectionViewCell.swift in Sources */ = {isa = PBXBuildFile; fileRef = CEAD65B62A777AE1003E968C /* SearchCollectionViewCell.swift */; };
		CEAD65B92A777AE1003E968C /* SearchCollectionViewCell.xib in Resources */ = {isa = PBXBuildFile; fileRef = CEAD65B72A777AE1003E968C /* SearchCollectionViewCell.xib */; };
/* End PBXBuildFile section */

/* Begin PBXFileReference section */
		CE67F5512A789B690007EE5C /* SettingTableViewController.swift */ = {isa = PBXFileReference; lastKnownFileType = sourcecode.swift; path = SettingTableViewController.swift; sourceTree = "<group>"; };
		CEA154952A79F23000B847D3 /* TimelineViewController.swift */ = {isa = PBXFileReference; lastKnownFileType = sourcecode.swift; path = TimelineViewController.swift; sourceTree = SOURCE_ROOT; };
		CEAD65932A773A65003E968C /* OneLineDiary.app */ = {isa = PBXFileReference; explicitFileType = wrapper.application; includeInIndex = 0; path = OneLineDiary.app; sourceTree = BUILT_PRODUCTS_DIR; };
		CEAD65962A773A65003E968C /* AppDelegate.swift */ = {isa = PBXFileReference; lastKnownFileType = sourcecode.swift; path = AppDelegate.swift; sourceTree = "<group>"; };
		CEAD65982A773A65003E968C /* SceneDelegate.swift */ = {isa = PBXFileReference; lastKnownFileType = sourcecode.swift; path = SceneDelegate.swift; sourceTree = "<group>"; };
		CEAD659A2A773A65003E968C /* AddViewController.swift */ = {isa = PBXFileReference; lastKnownFileType = sourcecode.swift; path = AddViewController.swift; sourceTree = "<group>"; };
		CEAD659D2A773A65003E968C /* Base */ = {isa = PBXFileReference; lastKnownFileType = file.storyboard; name = Base; path = Base.lproj/Main.storyboard; sourceTree = "<group>"; };
		CEAD659F2A773A66003E968C /* Assets.xcassets */ = {isa = PBXFileReference; lastKnownFileType = folder.assetcatalog; path = Assets.xcassets; sourceTree = "<group>"; };
		CEAD65A22A773A66003E968C /* Base */ = {isa = PBXFileReference; lastKnownFileType = file.storyboard; name = Base; path = Base.lproj/LaunchScreen.storyboard; sourceTree = "<group>"; };
		CEAD65A42A773A66003E968C /* Info.plist */ = {isa = PBXFileReference; lastKnownFileType = text.plist.xml; path = Info.plist; sourceTree = "<group>"; };
		CEAD65AA2A773ACB003E968C /* DiaryTableViewController.swift */ = {isa = PBXFileReference; lastKnownFileType = sourcecode.swift; path = DiaryTableViewController.swift; sourceTree = "<group>"; };
		CEAD65AC2A773BC4003E968C /* DiaryTableViewCell.swift */ = {isa = PBXFileReference; lastKnownFileType = sourcecode.swift; path = DiaryTableViewCell.swift; sourceTree = "<group>"; };
		CEAD65AD2A773BC4003E968C /* DiaryTableViewCell.xib */ = {isa = PBXFileReference; lastKnownFileType = file.xib; path = DiaryTableViewCell.xib; sourceTree = "<group>"; };
		CEAD65B02A7752B8003E968C /* DetailViewController.swift */ = {isa = PBXFileReference; lastKnownFileType = sourcecode.swift; path = DetailViewController.swift; sourceTree = SOURCE_ROOT; };
		CEAD65B22A776259003E968C /* Extension+UIViewController.swift */ = {isa = PBXFileReference; lastKnownFileType = sourcecode.swift; path = "Extension+UIViewController.swift"; sourceTree = SOURCE_ROOT; };
		CEAD65B42A77795E003E968C /* SearchCollectionViewController.swift */ = {isa = PBXFileReference; lastKnownFileType = sourcecode.swift; path = SearchCollectionViewController.swift; sourceTree = "<group>"; };
		CEAD65B62A777AE1003E968C /* SearchCollectionViewCell.swift */ = {isa = PBXFileReference; lastKnownFileType = sourcecode.swift; path = SearchCollectionViewCell.swift; sourceTree = "<group>"; };
		CEAD65B72A777AE1003E968C /* SearchCollectionViewCell.xib */ = {isa = PBXFileReference; lastKnownFileType = file.xib; path = SearchCollectionViewCell.xib; sourceTree = "<group>"; };
/* End PBXFileReference section */

/* Begin PBXFrameworksBuildPhase section */
		CEAD65902A773A65003E968C /* Frameworks */ = {
			isa = PBXFrameworksBuildPhase;
			buildActionMask = 2147483647;
			files = (
			);
			runOnlyForDeploymentPostprocessing = 0;
		};
/* End PBXFrameworksBuildPhase section */

/* Begin PBXGroup section */
		CEAD658A2A773A65003E968C = {
			isa = PBXGroup;
			children = (
				CEAD65952A773A65003E968C /* OneLineDiary */,
				CEAD65942A773A65003E968C /* Products */,
			);
			sourceTree = "<group>";
		};
		CEAD65942A773A65003E968C /* Products */ = {
			isa = PBXGroup;
			children = (
				CEAD65932A773A65003E968C /* OneLineDiary.app */,
			);
			name = Products;
			sourceTree = "<group>";
		};
		CEAD65952A773A65003E968C /* OneLineDiary */ = {
			isa = PBXGroup;
			children = (
				CEA154952A79F23000B847D3 /* TimelineViewController.swift */,
				CEAD65B22A776259003E968C /* Extension+UIViewController.swift */,
				CEAD65B02A7752B8003E968C /* DetailViewController.swift */,
				CEAD65962A773A65003E968C /* AppDelegate.swift */,
				CEAD65982A773A65003E968C /* SceneDelegate.swift */,
				CEAD659A2A773A65003E968C /* AddViewController.swift */,
				CEAD659C2A773A65003E968C /* Main.storyboard */,
				CE67F5512A789B690007EE5C /* SettingTableViewController.swift */,
				CEAD65B62A777AE1003E968C /* SearchCollectionViewCell.swift */,
				CEAD65B72A777AE1003E968C /* SearchCollectionViewCell.xib */,
				CEAD65B42A77795E003E968C /* SearchCollectionViewController.swift */,
				CEAD65AC2A773BC4003E968C /* DiaryTableViewCell.swift */,
				CEAD65AD2A773BC4003E968C /* DiaryTableViewCell.xib */,
				CEAD65AA2A773ACB003E968C /* DiaryTableViewController.swift */,
				CEAD659F2A773A66003E968C /* Assets.xcassets */,
				CEAD65A12A773A66003E968C /* LaunchScreen.storyboard */,
				CEAD65A42A773A66003E968C /* Info.plist */,
			);
			path = OneLineDiary;
			sourceTree = "<group>";
		};
/* End PBXGroup section */

/* Begin PBXNativeTarget section */
		CEAD65922A773A65003E968C /* OneLineDiary */ = {
			isa = PBXNativeTarget;
			buildConfigurationList = CEAD65A72A773A66003E968C /* Build configuration list for PBXNativeTarget "OneLineDiary" */;
			buildPhases = (
				CEAD658F2A773A65003E968C /* Sources */,
				CEAD65902A773A65003E968C /* Frameworks */,
				CEAD65912A773A65003E968C /* Resources */,
			);
			buildRules = (
			);
			dependencies = (
			);
			name = OneLineDiary;
			productName = OneLineDiary;
			productReference = CEAD65932A773A65003E968C /* OneLineDiary.app */;
			productType = "com.apple.product-type.application";
		};
/* End PBXNativeTarget section */

/* Begin PBXProject section */
		CEAD658B2A773A65003E968C /* Project object */ = {
			isa = PBXProject;
			attributes = {
				BuildIndependentTargetsInParallel = 1;
				LastSwiftUpdateCheck = 1430;
				LastUpgradeCheck = 1430;
				TargetAttributes = {
					CEAD65922A773A65003E968C = {
						CreatedOnToolsVersion = 14.3.1;
					};
				};
			};
			buildConfigurationList = CEAD658E2A773A65003E968C /* Build configuration list for PBXProject "OneLineDiary" */;
			compatibilityVersion = "Xcode 14.0";
			developmentRegion = en;
			hasScannedForEncodings = 0;
			knownRegions = (
				en,
				Base,
			);
			mainGroup = CEAD658A2A773A65003E968C;
			productRefGroup = CEAD65942A773A65003E968C /* Products */;
			projectDirPath = "";
			projectRoot = "";
			targets = (
				CEAD65922A773A65003E968C /* OneLineDiary */,
			);
		};
/* End PBXProject section */

/* Begin PBXResourcesBuildPhase section */
		CEAD65912A773A65003E968C /* Resources */ = {
			isa = PBXResourcesBuildPhase;
			buildActionMask = 2147483647;
			files = (
				CEAD65A32A773A66003E968C /* LaunchScreen.storyboard in Resources */,
				CEAD65A02A773A66003E968C /* Assets.xcassets in Resources */,
				CEAD65B92A777AE1003E968C /* SearchCollectionViewCell.xib in Resources */,
				CEAD659E2A773A65003E968C /* Main.storyboard in Resources */,
				CEAD65AF2A773BC4003E968C /* DiaryTableViewCell.xib in Resources */,
			);
			runOnlyForDeploymentPostprocessing = 0;
		};
/* End PBXResourcesBuildPhase section */

/* Begin PBXSourcesBuildPhase section */
		CEAD658F2A773A65003E968C /* Sources */ = {
			isa = PBXSourcesBuildPhase;
			buildActionMask = 2147483647;
			files = (
				CEAD65B52A77795E003E968C /* SearchCollectionViewController.swift in Sources */,
				CEA154962A79F23000B847D3 /* TimelineViewController.swift in Sources */,
				CEAD659B2A773A65003E968C /* AddViewController.swift in Sources */,
				CEAD65B32A776259003E968C /* Extension+UIViewController.swift in Sources */,
				CEAD65AE2A773BC4003E968C /* DiaryTableViewCell.swift in Sources */,
				CE67F5522A789B690007EE5C /* SettingTableViewController.swift in Sources */,
				CEAD65AB2A773ACB003E968C /* DiaryTableViewController.swift in Sources */,
				CEAD65B12A7752B8003E968C /* DetailViewController.swift in Sources */,
				CEAD65972A773A65003E968C /* AppDelegate.swift in Sources */,
				CEAD65992A773A65003E968C /* SceneDelegate.swift in Sources */,
				CEAD65B82A777AE1003E968C /* SearchCollectionViewCell.swift in Sources */,
			);
			runOnlyForDeploymentPostprocessing = 0;
		};
/* End PBXSourcesBuildPhase section */

/* Begin PBXVariantGroup section */
		CEAD659C2A773A65003E968C /* Main.storyboard */ = {
			isa = PBXVariantGroup;
			children = (
				CEAD659D2A773A65003E968C /* Base */,
			);
			name = Main.storyboard;
			sourceTree = "<group>";
		};
		CEAD65A12A773A66003E968C /* LaunchScreen.storyboard */ = {
			isa = PBXVariantGroup;
			children = (
				CEAD65A22A773A66003E968C /* Base */,
			);
			name = LaunchScreen.storyboard;
			sourceTree = "<group>";
		};
/* End PBXVariantGroup section */

/* Begin XCBuildConfiguration section */
		CEAD65A52A773A66003E968C /* Debug */ = {
			isa = XCBuildConfiguration;
			buildSettings = {
				ALWAYS_SEARCH_USER_PATHS = NO;
				CLANG_ANALYZER_NONNULL = YES;
				CLANG_ANALYZER_NUMBER_OBJECT_CONVERSION = YES_AGGRESSIVE;
				CLANG_CXX_LANGUAGE_STANDARD = "gnu++20";
				CLANG_ENABLE_MODULES = YES;
				CLANG_ENABLE_OBJC_ARC = YES;
				CLANG_ENABLE_OBJC_WEAK = YES;
				CLANG_WARN_BLOCK_CAPTURE_AUTORELEASING = YES;
				CLANG_WARN_BOOL_CONVERSION = YES;
				CLANG_WARN_COMMA = YES;
				CLANG_WARN_CONSTANT_CONVERSION = YES;
				CLANG_WARN_DEPRECATED_OBJC_IMPLEMENTATIONS = YES;
				CLANG_WARN_DIRECT_OBJC_ISA_USAGE = YES_ERROR;
				CLANG_WARN_DOCUMENTATION_COMMENTS = YES;
				CLANG_WARN_EMPTY_BODY = YES;
				CLANG_WARN_ENUM_CONVERSION = YES;
				CLANG_WARN_INFINITE_RECURSION = YES;
				CLANG_WARN_INT_CONVERSION = YES;
				CLANG_WARN_NON_LITERAL_NULL_CONVERSION = YES;
				CLANG_WARN_OBJC_IMPLICIT_RETAIN_SELF = YES;
				CLANG_WARN_OBJC_LITERAL_CONVERSION = YES;
				CLANG_WARN_OBJC_ROOT_CLASS = YES_ERROR;
				CLANG_WARN_QUOTED_INCLUDE_IN_FRAMEWORK_HEADER = YES;
				CLANG_WARN_RANGE_LOOP_ANALYSIS = YES;
				CLANG_WARN_STRICT_PROTOTYPES = YES;
				CLANG_WARN_SUSPICIOUS_MOVE = YES;
				CLANG_WARN_UNGUARDED_AVAILABILITY = YES_AGGRESSIVE;
				CLANG_WARN_UNREACHABLE_CODE = YES;
				CLANG_WARN__DUPLICATE_METHOD_MATCH = YES;
				COPY_PHASE_STRIP = NO;
				DEBUG_INFORMATION_FORMAT = dwarf;
				ENABLE_STRICT_OBJC_MSGSEND = YES;
				ENABLE_TESTABILITY = YES;
				GCC_C_LANGUAGE_STANDARD = gnu11;
				GCC_DYNAMIC_NO_PIC = NO;
				GCC_NO_COMMON_BLOCKS = YES;
				GCC_OPTIMIZATION_LEVEL = 0;
				GCC_PREPROCESSOR_DEFINITIONS = (
					"DEBUG=1",
					"$(inherited)",
				);
				GCC_WARN_64_TO_32_BIT_CONVERSION = YES;
				GCC_WARN_ABOUT_RETURN_TYPE = YES_ERROR;
				GCC_WARN_UNDECLARED_SELECTOR = YES;
				GCC_WARN_UNINITIALIZED_AUTOS = YES_AGGRESSIVE;
				GCC_WARN_UNUSED_FUNCTION = YES;
				GCC_WARN_UNUSED_VARIABLE = YES;
				IPHONEOS_DEPLOYMENT_TARGET = 16.4;
				MTL_ENABLE_DEBUG_INFO = INCLUDE_SOURCE;
				MTL_FAST_MATH = YES;
				ONLY_ACTIVE_ARCH = YES;
				SDKROOT = iphoneos;
				SWIFT_ACTIVE_COMPILATION_CONDITIONS = DEBUG;
				SWIFT_OPTIMIZATION_LEVEL = "-Onone";
			};
			name = Debug;
		};
		CEAD65A62A773A66003E968C /* Release */ = {
			isa = XCBuildConfiguration;
			buildSettings = {
				ALWAYS_SEARCH_USER_PATHS = NO;
				CLANG_ANALYZER_NONNULL = YES;
				CLANG_ANALYZER_NUMBER_OBJECT_CONVERSION = YES_AGGRESSIVE;
				CLANG_CXX_LANGUAGE_STANDARD = "gnu++20";
				CLANG_ENABLE_MODULES = YES;
				CLANG_ENABLE_OBJC_ARC = YES;
				CLANG_ENABLE_OBJC_WEAK = YES;
				CLANG_WARN_BLOCK_CAPTURE_AUTORELEASING = YES;
				CLANG_WARN_BOOL_CONVERSION = YES;
				CLANG_WARN_COMMA = YES;
				CLANG_WARN_CONSTANT_CONVERSION = YES;
				CLANG_WARN_DEPRECATED_OBJC_IMPLEMENTATIONS = YES;
				CLANG_WARN_DIRECT_OBJC_ISA_USAGE = YES_ERROR;
				CLANG_WARN_DOCUMENTATION_COMMENTS = YES;
				CLANG_WARN_EMPTY_BODY = YES;
				CLANG_WARN_ENUM_CONVERSION = YES;
				CLANG_WARN_INFINITE_RECURSION = YES;
				CLANG_WARN_INT_CONVERSION = YES;
				CLANG_WARN_NON_LITERAL_NULL_CONVERSION = YES;
				CLANG_WARN_OBJC_IMPLICIT_RETAIN_SELF = YES;
				CLANG_WARN_OBJC_LITERAL_CONVERSION = YES;
				CLANG_WARN_OBJC_ROOT_CLASS = YES_ERROR;
				CLANG_WARN_QUOTED_INCLUDE_IN_FRAMEWORK_HEADER = YES;
				CLANG_WARN_RANGE_LOOP_ANALYSIS = YES;
				CLANG_WARN_STRICT_PROTOTYPES = YES;
				CLANG_WARN_SUSPICIOUS_MOVE = YES;
				CLANG_WARN_UNGUARDED_AVAILABILITY = YES_AGGRESSIVE;
				CLANG_WARN_UNREACHABLE_CODE = YES;
				CLANG_WARN__DUPLICATE_METHOD_MATCH = YES;
				COPY_PHASE_STRIP = NO;
				DEBUG_INFORMATION_FORMAT = "dwarf-with-dsym";
				ENABLE_NS_ASSERTIONS = NO;
				ENABLE_STRICT_OBJC_MSGSEND = YES;
				GCC_C_LANGUAGE_STANDARD = gnu11;
				GCC_NO_COMMON_BLOCKS = YES;
				GCC_WARN_64_TO_32_BIT_CONVERSION = YES;
				GCC_WARN_ABOUT_RETURN_TYPE = YES_ERROR;
				GCC_WARN_UNDECLARED_SELECTOR = YES;
				GCC_WARN_UNINITIALIZED_AUTOS = YES_AGGRESSIVE;
				GCC_WARN_UNUSED_FUNCTION = YES;
				GCC_WARN_UNUSED_VARIABLE = YES;
				IPHONEOS_DEPLOYMENT_TARGET = 16.4;
				MTL_ENABLE_DEBUG_INFO = NO;
				MTL_FAST_MATH = YES;
				SDKROOT = iphoneos;
				SWIFT_COMPILATION_MODE = wholemodule;
				SWIFT_OPTIMIZATION_LEVEL = "-O";
				VALIDATE_PRODUCT = YES;
			};
			name = Release;
		};
		CEAD65A82A773A66003E968C /* Debug */ = {
			isa = XCBuildConfiguration;
			buildSettings = {
				ASSETCATALOG_COMPILER_APPICON_NAME = AppIcon;
				ASSETCATALOG_COMPILER_GLOBAL_ACCENT_COLOR_NAME = AccentColor;
				CODE_SIGN_STYLE = Automatic;
				CURRENT_PROJECT_VERSION = 1;
				DEVELOPMENT_TEAM = DJP8DYB9HG;
				GENERATE_INFOPLIST_FILE = YES;
				INFOPLIST_FILE = OneLineDiary/Info.plist;
				INFOPLIST_KEY_UIApplicationSupportsIndirectInputEvents = YES;
				INFOPLIST_KEY_UILaunchStoryboardName = LaunchScreen;
				INFOPLIST_KEY_UIMainStoryboardFile = Main;
				INFOPLIST_KEY_UISupportedInterfaceOrientations_iPad = "UIInterfaceOrientationPortrait UIInterfaceOrientationPortraitUpsideDown UIInterfaceOrientationLandscapeLeft UIInterfaceOrientationLandscapeRight";
				INFOPLIST_KEY_UISupportedInterfaceOrientations_iPhone = "UIInterfaceOrientationPortrait UIInterfaceOrientationLandscapeLeft UIInterfaceOrientationLandscapeRight";
				LD_RUNPATH_SEARCH_PATHS = (
					"$(inherited)",
					"@executable_path/Frameworks",
				);
				MARKETING_VERSION = 1.0;
				PRODUCT_BUNDLE_IDENTIFIER = com.jiyeon.OneLineDiary;
				PRODUCT_NAME = "$(TARGET_NAME)";
				SWIFT_EMIT_LOC_STRINGS = YES;
				SWIFT_VERSION = 5.0;
				TARGETED_DEVICE_FAMILY = "1,2";
			};
			name = Debug;
		};
		CEAD65A92A773A66003E968C /* Release */ = {
			isa = XCBuildConfiguration;
			buildSettings = {
				ASSETCATALOG_COMPILER_APPICON_NAME = AppIcon;
				ASSETCATALOG_COMPILER_GLOBAL_ACCENT_COLOR_NAME = AccentColor;
				CODE_SIGN_STYLE = Automatic;
				CURRENT_PROJECT_VERSION = 1;
				DEVELOPMENT_TEAM = DJP8DYB9HG;
				GENERATE_INFOPLIST_FILE = YES;
				INFOPLIST_FILE = OneLineDiary/Info.plist;
				INFOPLIST_KEY_UIApplicationSupportsIndirectInputEvents = YES;
				INFOPLIST_KEY_UILaunchStoryboardName = LaunchScreen;
				INFOPLIST_KEY_UIMainStoryboardFile = Main;
				INFOPLIST_KEY_UISupportedInterfaceOrientations_iPad = "UIInterfaceOrientationPortrait UIInterfaceOrientationPortraitUpsideDown UIInterfaceOrientationLandscapeLeft UIInterfaceOrientationLandscapeRight";
				INFOPLIST_KEY_UISupportedInterfaceOrientations_iPhone = "UIInterfaceOrientationPortrait UIInterfaceOrientationLandscapeLeft UIInterfaceOrientationLandscapeRight";
				LD_RUNPATH_SEARCH_PATHS = (
					"$(inherited)",
					"@executable_path/Frameworks",
				);
				MARKETING_VERSION = 1.0;
				PRODUCT_BUNDLE_IDENTIFIER = com.jiyeon.OneLineDiary;
				PRODUCT_NAME = "$(TARGET_NAME)";
				SWIFT_EMIT_LOC_STRINGS = YES;
				SWIFT_VERSION = 5.0;
				TARGETED_DEVICE_FAMILY = "1,2";
			};
			name = Release;
		};
/* End XCBuildConfiguration section */

/* Begin XCConfigurationList section */
		CEAD658E2A773A65003E968C /* Build configuration list for PBXProject "OneLineDiary" */ = {
			isa = XCConfigurationList;
			buildConfigurations = (
				CEAD65A52A773A66003E968C /* Debug */,
				CEAD65A62A773A66003E968C /* Release */,
			);
			defaultConfigurationIsVisible = 0;
			defaultConfigurationName = Release;
		};
		CEAD65A72A773A66003E968C /* Build configuration list for PBXNativeTarget "OneLineDiary" */ = {
			isa = XCConfigurationList;
			buildConfigurations = (
				CEAD65A82A773A66003E968C /* Debug */,
				CEAD65A92A773A66003E968C /* Release */,
			);
			defaultConfigurationIsVisible = 0;
			defaultConfigurationName = Release;
		};
/* End XCConfigurationList section */
	};
	rootObject = CEAD658B2A773A65003E968C /* Project object */;
}
