// !$*UTF8*$!
{
	archiveVersion = 1;
	classes = {
	};
	objectVersion = 56;
	objects = {

/* Begin PBXBuildFile section */
		0455B99B2AE5FC4500F31514 /* AppDelegate.swift in Sources */ = {isa = PBXBuildFile; fileRef = 0455B99A2AE5FC4500F31514 /* AppDelegate.swift */; };
		0455B99D2AE5FC4500F31514 /* SceneDelegate.swift in Sources */ = {isa = PBXBuildFile; fileRef = 0455B99C2AE5FC4500F31514 /* SceneDelegate.swift */; };
		0455B99F2AE5FC4500F31514 /* ViewController.swift in Sources */ = {isa = PBXBuildFile; fileRef = 0455B99E2AE5FC4500F31514 /* ViewController.swift */; };
		0455B9A22AE5FC4500F31514 /* Main.storyboard in Resources */ = {isa = PBXBuildFile; fileRef = 0455B9A02AE5FC4500F31514 /* Main.storyboard */; };
		0455B9A42AE5FC4600F31514 /* Assets.xcassets in Resources */ = {isa = PBXBuildFile; fileRef = 0455B9A32AE5FC4600F31514 /* Assets.xcassets */; };
		0455B9A72AE5FC4600F31514 /* LaunchScreen.storyboard in Resources */ = {isa = PBXBuildFile; fileRef = 0455B9A52AE5FC4600F31514 /* LaunchScreen.storyboard */; };
		0455B9B22AE5FC4600F31514 /* SeSACRxSwiftBasicXcode14Tests.swift in Sources */ = {isa = PBXBuildFile; fileRef = 0455B9B12AE5FC4600F31514 /* SeSACRxSwiftBasicXcode14Tests.swift */; };
		0455B9BC2AE5FC4600F31514 /* SeSACRxSwiftBasicXcode14UITests.swift in Sources */ = {isa = PBXBuildFile; fileRef = 0455B9BB2AE5FC4600F31514 /* SeSACRxSwiftBasicXcode14UITests.swift */; };
		0455B9BE2AE5FC4600F31514 /* SeSACRxSwiftBasicXcode14UITestsLaunchTests.swift in Sources */ = {isa = PBXBuildFile; fileRef = 0455B9BD2AE5FC4600F31514 /* SeSACRxSwiftBasicXcode14UITestsLaunchTests.swift */; };
		0455B9CB2AE5FC6E00F31514 /* RxViewController.swift in Sources */ = {isa = PBXBuildFile; fileRef = 0455B9CA2AE5FC6E00F31514 /* RxViewController.swift */; };
		CE94E7852AE60C520005B593 /* RxCocoa in Frameworks */ = {isa = PBXBuildFile; productRef = CE94E7842AE60C520005B593 /* RxCocoa */; };
		CE94E7872AE60C520005B593 /* RxSwift in Frameworks */ = {isa = PBXBuildFile; productRef = CE94E7862AE60C520005B593 /* RxSwift */; };
		CEB8805A2AE8ABE100560583 /* BasicViewController.swift in Sources */ = {isa = PBXBuildFile; fileRef = CEB880592AE8ABE100560583 /* BasicViewController.swift */; };
/* End PBXBuildFile section */

/* Begin PBXContainerItemProxy section */
		0455B9AE2AE5FC4600F31514 /* PBXContainerItemProxy */ = {
			isa = PBXContainerItemProxy;
			containerPortal = 0455B98F2AE5FC4500F31514 /* Project object */;
			proxyType = 1;
			remoteGlobalIDString = 0455B9962AE5FC4500F31514;
			remoteInfo = SeSACRxSwiftBasicXcode14;
		};
		0455B9B82AE5FC4600F31514 /* PBXContainerItemProxy */ = {
			isa = PBXContainerItemProxy;
			containerPortal = 0455B98F2AE5FC4500F31514 /* Project object */;
			proxyType = 1;
			remoteGlobalIDString = 0455B9962AE5FC4500F31514;
			remoteInfo = SeSACRxSwiftBasicXcode14;
		};
/* End PBXContainerItemProxy section */

/* Begin PBXFileReference section */
		0455B9972AE5FC4500F31514 /* SeSACRxSwiftBasicXcode14.app */ = {isa = PBXFileReference; explicitFileType = wrapper.application; includeInIndex = 0; path = SeSACRxSwiftBasicXcode14.app; sourceTree = BUILT_PRODUCTS_DIR; };
		0455B99A2AE5FC4500F31514 /* AppDelegate.swift */ = {isa = PBXFileReference; lastKnownFileType = sourcecode.swift; path = AppDelegate.swift; sourceTree = "<group>"; };
		0455B99C2AE5FC4500F31514 /* SceneDelegate.swift */ = {isa = PBXFileReference; lastKnownFileType = sourcecode.swift; path = SceneDelegate.swift; sourceTree = "<group>"; };
		0455B99E2AE5FC4500F31514 /* ViewController.swift */ = {isa = PBXFileReference; lastKnownFileType = sourcecode.swift; path = ViewController.swift; sourceTree = "<group>"; };
		0455B9A12AE5FC4500F31514 /* Base */ = {isa = PBXFileReference; lastKnownFileType = file.storyboard; name = Base; path = Base.lproj/Main.storyboard; sourceTree = "<group>"; };
		0455B9A32AE5FC4600F31514 /* Assets.xcassets */ = {isa = PBXFileReference; lastKnownFileType = folder.assetcatalog; path = Assets.xcassets; sourceTree = "<group>"; };
		0455B9A62AE5FC4600F31514 /* Base */ = {isa = PBXFileReference; lastKnownFileType = file.storyboard; name = Base; path = Base.lproj/LaunchScreen.storyboard; sourceTree = "<group>"; };
		0455B9A82AE5FC4600F31514 /* Info.plist */ = {isa = PBXFileReference; lastKnownFileType = text.plist.xml; path = Info.plist; sourceTree = "<group>"; };
		0455B9AD2AE5FC4600F31514 /* SeSACRxSwiftBasicXcode14Tests.xctest */ = {isa = PBXFileReference; explicitFileType = wrapper.cfbundle; includeInIndex = 0; path = SeSACRxSwiftBasicXcode14Tests.xctest; sourceTree = BUILT_PRODUCTS_DIR; };
		0455B9B12AE5FC4600F31514 /* SeSACRxSwiftBasicXcode14Tests.swift */ = {isa = PBXFileReference; lastKnownFileType = sourcecode.swift; path = SeSACRxSwiftBasicXcode14Tests.swift; sourceTree = "<group>"; };
		0455B9B72AE5FC4600F31514 /* SeSACRxSwiftBasicXcode14UITests.xctest */ = {isa = PBXFileReference; explicitFileType = wrapper.cfbundle; includeInIndex = 0; path = SeSACRxSwiftBasicXcode14UITests.xctest; sourceTree = BUILT_PRODUCTS_DIR; };
		0455B9BB2AE5FC4600F31514 /* SeSACRxSwiftBasicXcode14UITests.swift */ = {isa = PBXFileReference; lastKnownFileType = sourcecode.swift; path = SeSACRxSwiftBasicXcode14UITests.swift; sourceTree = "<group>"; };
		0455B9BD2AE5FC4600F31514 /* SeSACRxSwiftBasicXcode14UITestsLaunchTests.swift */ = {isa = PBXFileReference; lastKnownFileType = sourcecode.swift; path = SeSACRxSwiftBasicXcode14UITestsLaunchTests.swift; sourceTree = "<group>"; };
		0455B9CA2AE5FC6E00F31514 /* RxViewController.swift */ = {isa = PBXFileReference; lastKnownFileType = sourcecode.swift; path = RxViewController.swift; sourceTree = "<group>"; };
		CEB880592AE8ABE100560583 /* BasicViewController.swift */ = {isa = PBXFileReference; lastKnownFileType = sourcecode.swift; path = BasicViewController.swift; sourceTree = "<group>"; };
/* End PBXFileReference section */

/* Begin PBXFrameworksBuildPhase section */
		0455B9942AE5FC4500F31514 /* Frameworks */ = {
			isa = PBXFrameworksBuildPhase;
			buildActionMask = 2147483647;
			files = (
				CE94E7872AE60C520005B593 /* RxSwift in Frameworks */,
				CE94E7852AE60C520005B593 /* RxCocoa in Frameworks */,
			);
			runOnlyForDeploymentPostprocessing = 0;
		};
		0455B9AA2AE5FC4600F31514 /* Frameworks */ = {
			isa = PBXFrameworksBuildPhase;
			buildActionMask = 2147483647;
			files = (
			);
			runOnlyForDeploymentPostprocessing = 0;
		};
		0455B9B42AE5FC4600F31514 /* Frameworks */ = {
			isa = PBXFrameworksBuildPhase;
			buildActionMask = 2147483647;
			files = (
			);
			runOnlyForDeploymentPostprocessing = 0;
		};
/* End PBXFrameworksBuildPhase section */

/* Begin PBXGroup section */
		0455B98E2AE5FC4500F31514 = {
			isa = PBXGroup;
			children = (
				0455B9992AE5FC4500F31514 /* SeSACRxSwiftBasicXcode14 */,
				0455B9B02AE5FC4600F31514 /* SeSACRxSwiftBasicXcode14Tests */,
				0455B9BA2AE5FC4600F31514 /* SeSACRxSwiftBasicXcode14UITests */,
				0455B9982AE5FC4500F31514 /* Products */,
			);
			sourceTree = "<group>";
		};
		0455B9982AE5FC4500F31514 /* Products */ = {
			isa = PBXGroup;
			children = (
				0455B9972AE5FC4500F31514 /* SeSACRxSwiftBasicXcode14.app */,
				0455B9AD2AE5FC4600F31514 /* SeSACRxSwiftBasicXcode14Tests.xctest */,
				0455B9B72AE5FC4600F31514 /* SeSACRxSwiftBasicXcode14UITests.xctest */,
			);
			name = Products;
			sourceTree = "<group>";
		};
		0455B9992AE5FC4500F31514 /* SeSACRxSwiftBasicXcode14 */ = {
			isa = PBXGroup;
			children = (
				0455B99A2AE5FC4500F31514 /* AppDelegate.swift */,
				0455B99C2AE5FC4500F31514 /* SceneDelegate.swift */,
				0455B99E2AE5FC4500F31514 /* ViewController.swift */,
				0455B9A02AE5FC4500F31514 /* Main.storyboard */,
				0455B9A32AE5FC4600F31514 /* Assets.xcassets */,
				0455B9A52AE5FC4600F31514 /* LaunchScreen.storyboard */,
				0455B9A82AE5FC4600F31514 /* Info.plist */,
				0455B9CA2AE5FC6E00F31514 /* RxViewController.swift */,
				CEB880592AE8ABE100560583 /* BasicViewController.swift */,
			);
			path = SeSACRxSwiftBasicXcode14;
			sourceTree = "<group>";
		};
		0455B9B02AE5FC4600F31514 /* SeSACRxSwiftBasicXcode14Tests */ = {
			isa = PBXGroup;
			children = (
				0455B9B12AE5FC4600F31514 /* SeSACRxSwiftBasicXcode14Tests.swift */,
			);
			path = SeSACRxSwiftBasicXcode14Tests;
			sourceTree = "<group>";
		};
		0455B9BA2AE5FC4600F31514 /* SeSACRxSwiftBasicXcode14UITests */ = {
			isa = PBXGroup;
			children = (
				0455B9BB2AE5FC4600F31514 /* SeSACRxSwiftBasicXcode14UITests.swift */,
				0455B9BD2AE5FC4600F31514 /* SeSACRxSwiftBasicXcode14UITestsLaunchTests.swift */,
			);
			path = SeSACRxSwiftBasicXcode14UITests;
			sourceTree = "<group>";
		};
/* End PBXGroup section */

/* Begin PBXNativeTarget section */
		0455B9962AE5FC4500F31514 /* SeSACRxSwiftBasicXcode14 */ = {
			isa = PBXNativeTarget;
			buildConfigurationList = 0455B9C12AE5FC4600F31514 /* Build configuration list for PBXNativeTarget "SeSACRxSwiftBasicXcode14" */;
			buildPhases = (
				0455B9932AE5FC4500F31514 /* Sources */,
				0455B9942AE5FC4500F31514 /* Frameworks */,
				0455B9952AE5FC4500F31514 /* Resources */,
			);
			buildRules = (
			);
			dependencies = (
			);
			name = SeSACRxSwiftBasicXcode14;
			packageProductDependencies = (
				CE94E7842AE60C520005B593 /* RxCocoa */,
				CE94E7862AE60C520005B593 /* RxSwift */,
			);
			productName = SeSACRxSwiftBasicXcode14;
			productReference = 0455B9972AE5FC4500F31514 /* SeSACRxSwiftBasicXcode14.app */;
			productType = "com.apple.product-type.application";
		};
		0455B9AC2AE5FC4600F31514 /* SeSACRxSwiftBasicXcode14Tests */ = {
			isa = PBXNativeTarget;
			buildConfigurationList = 0455B9C42AE5FC4600F31514 /* Build configuration list for PBXNativeTarget "SeSACRxSwiftBasicXcode14Tests" */;
			buildPhases = (
				0455B9A92AE5FC4600F31514 /* Sources */,
				0455B9AA2AE5FC4600F31514 /* Frameworks */,
				0455B9AB2AE5FC4600F31514 /* Resources */,
			);
			buildRules = (
			);
			dependencies = (
				0455B9AF2AE5FC4600F31514 /* PBXTargetDependency */,
			);
			name = SeSACRxSwiftBasicXcode14Tests;
			productName = SeSACRxSwiftBasicXcode14Tests;
			productReference = 0455B9AD2AE5FC4600F31514 /* SeSACRxSwiftBasicXcode14Tests.xctest */;
			productType = "com.apple.product-type.bundle.unit-test";
		};
		0455B9B62AE5FC4600F31514 /* SeSACRxSwiftBasicXcode14UITests */ = {
			isa = PBXNativeTarget;
			buildConfigurationList = 0455B9C72AE5FC4600F31514 /* Build configuration list for PBXNativeTarget "SeSACRxSwiftBasicXcode14UITests" */;
			buildPhases = (
				0455B9B32AE5FC4600F31514 /* Sources */,
				0455B9B42AE5FC4600F31514 /* Frameworks */,
				0455B9B52AE5FC4600F31514 /* Resources */,
			);
			buildRules = (
			);
			dependencies = (
				0455B9B92AE5FC4600F31514 /* PBXTargetDependency */,
			);
			name = SeSACRxSwiftBasicXcode14UITests;
			productName = SeSACRxSwiftBasicXcode14UITests;
			productReference = 0455B9B72AE5FC4600F31514 /* SeSACRxSwiftBasicXcode14UITests.xctest */;
			productType = "com.apple.product-type.bundle.ui-testing";
		};
/* End PBXNativeTarget section */

/* Begin PBXProject section */
		0455B98F2AE5FC4500F31514 /* Project object */ = {
			isa = PBXProject;
			attributes = {
				BuildIndependentTargetsInParallel = 1;
				LastSwiftUpdateCheck = 1430;
				LastUpgradeCheck = 1430;
				TargetAttributes = {
					0455B9962AE5FC4500F31514 = {
						CreatedOnToolsVersion = 14.3.1;
					};
					0455B9AC2AE5FC4600F31514 = {
						CreatedOnToolsVersion = 14.3.1;
						TestTargetID = 0455B9962AE5FC4500F31514;
					};
					0455B9B62AE5FC4600F31514 = {
						CreatedOnToolsVersion = 14.3.1;
						TestTargetID = 0455B9962AE5FC4500F31514;
					};
				};
			};
			buildConfigurationList = 0455B9922AE5FC4500F31514 /* Build configuration list for PBXProject "SeSACRxSwiftBasicXcode14" */;
			compatibilityVersion = "Xcode 14.0";
			developmentRegion = en;
			hasScannedForEncodings = 0;
			knownRegions = (
				en,
				Base,
			);
			mainGroup = 0455B98E2AE5FC4500F31514;
			packageReferences = (
				CE94E7832AE60C520005B593 /* XCRemoteSwiftPackageReference "RxSwift" */,
			);
			productRefGroup = 0455B9982AE5FC4500F31514 /* Products */;
			projectDirPath = "";
			projectRoot = "";
			targets = (
				0455B9962AE5FC4500F31514 /* SeSACRxSwiftBasicXcode14 */,
				0455B9AC2AE5FC4600F31514 /* SeSACRxSwiftBasicXcode14Tests */,
				0455B9B62AE5FC4600F31514 /* SeSACRxSwiftBasicXcode14UITests */,
			);
		};
/* End PBXProject section */

/* Begin PBXResourcesBuildPhase section */
		0455B9952AE5FC4500F31514 /* Resources */ = {
			isa = PBXResourcesBuildPhase;
			buildActionMask = 2147483647;
			files = (
				0455B9A72AE5FC4600F31514 /* LaunchScreen.storyboard in Resources */,
				0455B9A42AE5FC4600F31514 /* Assets.xcassets in Resources */,
				0455B9A22AE5FC4500F31514 /* Main.storyboard in Resources */,
			);
			runOnlyForDeploymentPostprocessing = 0;
		};
		0455B9AB2AE5FC4600F31514 /* Resources */ = {
			isa = PBXResourcesBuildPhase;
			buildActionMask = 2147483647;
			files = (
			);
			runOnlyForDeploymentPostprocessing = 0;
		};
		0455B9B52AE5FC4600F31514 /* Resources */ = {
			isa = PBXResourcesBuildPhase;
			buildActionMask = 2147483647;
			files = (
			);
			runOnlyForDeploymentPostprocessing = 0;
		};
/* End PBXResourcesBuildPhase section */

/* Begin PBXSourcesBuildPhase section */
		0455B9932AE5FC4500F31514 /* Sources */ = {
			isa = PBXSourcesBuildPhase;
			buildActionMask = 2147483647;
			files = (
				0455B99F2AE5FC4500F31514 /* ViewController.swift in Sources */,
				CEB8805A2AE8ABE100560583 /* BasicViewController.swift in Sources */,
				0455B99B2AE5FC4500F31514 /* AppDelegate.swift in Sources */,
				0455B9CB2AE5FC6E00F31514 /* RxViewController.swift in Sources */,
				0455B99D2AE5FC4500F31514 /* SceneDelegate.swift in Sources */,
			);
			runOnlyForDeploymentPostprocessing = 0;
		};
		0455B9A92AE5FC4600F31514 /* Sources */ = {
			isa = PBXSourcesBuildPhase;
			buildActionMask = 2147483647;
			files = (
				0455B9B22AE5FC4600F31514 /* SeSACRxSwiftBasicXcode14Tests.swift in Sources */,
			);
			runOnlyForDeploymentPostprocessing = 0;
		};
		0455B9B32AE5FC4600F31514 /* Sources */ = {
			isa = PBXSourcesBuildPhase;
			buildActionMask = 2147483647;
			files = (
				0455B9BE2AE5FC4600F31514 /* SeSACRxSwiftBasicXcode14UITestsLaunchTests.swift in Sources */,
				0455B9BC2AE5FC4600F31514 /* SeSACRxSwiftBasicXcode14UITests.swift in Sources */,
			);
			runOnlyForDeploymentPostprocessing = 0;
		};
/* End PBXSourcesBuildPhase section */

/* Begin PBXTargetDependency section */
		0455B9AF2AE5FC4600F31514 /* PBXTargetDependency */ = {
			isa = PBXTargetDependency;
			target = 0455B9962AE5FC4500F31514 /* SeSACRxSwiftBasicXcode14 */;
			targetProxy = 0455B9AE2AE5FC4600F31514 /* PBXContainerItemProxy */;
		};
		0455B9B92AE5FC4600F31514 /* PBXTargetDependency */ = {
			isa = PBXTargetDependency;
			target = 0455B9962AE5FC4500F31514 /* SeSACRxSwiftBasicXcode14 */;
			targetProxy = 0455B9B82AE5FC4600F31514 /* PBXContainerItemProxy */;
		};
/* End PBXTargetDependency section */

/* Begin PBXVariantGroup section */
		0455B9A02AE5FC4500F31514 /* Main.storyboard */ = {
			isa = PBXVariantGroup;
			children = (
				0455B9A12AE5FC4500F31514 /* Base */,
			);
			name = Main.storyboard;
			sourceTree = "<group>";
		};
		0455B9A52AE5FC4600F31514 /* LaunchScreen.storyboard */ = {
			isa = PBXVariantGroup;
			children = (
				0455B9A62AE5FC4600F31514 /* Base */,
			);
			name = LaunchScreen.storyboard;
			sourceTree = "<group>";
		};
/* End PBXVariantGroup section */

/* Begin XCBuildConfiguration section */
		0455B9BF2AE5FC4600F31514 /* Debug */ = {
			isa = XCBuildConfiguration;
			buildSettings = {
				ALWAYS_SEARCH_USER_PATHS = NO;
				CLANG_ANALYZER_NONNULL = YES;
				CLANG_ANALYZER_NUMBER_OBJECT_CONVERSION = YES_AGGRESSIVE;
				CLANG_CXX_LANGUAGE_STANDARD = "gnu++20";
				CLANG_ENABLE_MODULES = YES;
				CLANG_ENABLE_OBJC_ARC = YES;
				CLANG_ENABLE_OBJC_WEAK = YES;
				CLANG_WARN_BLOCK_CAPTURE_AUTORELEASING = YES;
				CLANG_WARN_BOOL_CONVERSION = YES;
				CLANG_WARN_COMMA = YES;
				CLANG_WARN_CONSTANT_CONVERSION = YES;
				CLANG_WARN_DEPRECATED_OBJC_IMPLEMENTATIONS = YES;
				CLANG_WARN_DIRECT_OBJC_ISA_USAGE = YES_ERROR;
				CLANG_WARN_DOCUMENTATION_COMMENTS = YES;
				CLANG_WARN_EMPTY_BODY = YES;
				CLANG_WARN_ENUM_CONVERSION = YES;
				CLANG_WARN_INFINITE_RECURSION = YES;
				CLANG_WARN_INT_CONVERSION = YES;
				CLANG_WARN_NON_LITERAL_NULL_CONVERSION = YES;
				CLANG_WARN_OBJC_IMPLICIT_RETAIN_SELF = YES;
				CLANG_WARN_OBJC_LITERAL_CONVERSION = YES;
				CLANG_WARN_OBJC_ROOT_CLASS = YES_ERROR;
				CLANG_WARN_QUOTED_INCLUDE_IN_FRAMEWORK_HEADER = YES;
				CLANG_WARN_RANGE_LOOP_ANALYSIS = YES;
				CLANG_WARN_STRICT_PROTOTYPES = YES;
				CLANG_WARN_SUSPICIOUS_MOVE = YES;
				CLANG_WARN_UNGUARDED_AVAILABILITY = YES_AGGRESSIVE;
				CLANG_WARN_UNREACHABLE_CODE = YES;
				CLANG_WARN__DUPLICATE_METHOD_MATCH = YES;
				COPY_PHASE_STRIP = NO;
				DEBUG_INFORMATION_FORMAT = dwarf;
				ENABLE_STRICT_OBJC_MSGSEND = YES;
				ENABLE_TESTABILITY = YES;
				GCC_C_LANGUAGE_STANDARD = gnu11;
				GCC_DYNAMIC_NO_PIC = NO;
				GCC_NO_COMMON_BLOCKS = YES;
				GCC_OPTIMIZATION_LEVEL = 0;
				GCC_PREPROCESSOR_DEFINITIONS = (
					"DEBUG=1",
					"$(inherited)",
				);
				GCC_WARN_64_TO_32_BIT_CONVERSION = YES;
				GCC_WARN_ABOUT_RETURN_TYPE = YES_ERROR;
				GCC_WARN_UNDECLARED_SELECTOR = YES;
				GCC_WARN_UNINITIALIZED_AUTOS = YES_AGGRESSIVE;
				GCC_WARN_UNUSED_FUNCTION = YES;
				GCC_WARN_UNUSED_VARIABLE = YES;
				IPHONEOS_DEPLOYMENT_TARGET = 16.4;
				MTL_ENABLE_DEBUG_INFO = INCLUDE_SOURCE;
				MTL_FAST_MATH = YES;
				ONLY_ACTIVE_ARCH = YES;
				SDKROOT = iphoneos;
				SWIFT_ACTIVE_COMPILATION_CONDITIONS = DEBUG;
				SWIFT_OPTIMIZATION_LEVEL = "-Onone";
			};
			name = Debug;
		};
		0455B9C02AE5FC4600F31514 /* Release */ = {
			isa = XCBuildConfiguration;
			buildSettings = {
				ALWAYS_SEARCH_USER_PATHS = NO;
				CLANG_ANALYZER_NONNULL = YES;
				CLANG_ANALYZER_NUMBER_OBJECT_CONVERSION = YES_AGGRESSIVE;
				CLANG_CXX_LANGUAGE_STANDARD = "gnu++20";
				CLANG_ENABLE_MODULES = YES;
				CLANG_ENABLE_OBJC_ARC = YES;
				CLANG_ENABLE_OBJC_WEAK = YES;
				CLANG_WARN_BLOCK_CAPTURE_AUTORELEASING = YES;
				CLANG_WARN_BOOL_CONVERSION = YES;
				CLANG_WARN_COMMA = YES;
				CLANG_WARN_CONSTANT_CONVERSION = YES;
				CLANG_WARN_DEPRECATED_OBJC_IMPLEMENTATIONS = YES;
				CLANG_WARN_DIRECT_OBJC_ISA_USAGE = YES_ERROR;
				CLANG_WARN_DOCUMENTATION_COMMENTS = YES;
				CLANG_WARN_EMPTY_BODY = YES;
				CLANG_WARN_ENUM_CONVERSION = YES;
				CLANG_WARN_INFINITE_RECURSION = YES;
				CLANG_WARN_INT_CONVERSION = YES;
				CLANG_WARN_NON_LITERAL_NULL_CONVERSION = YES;
				CLANG_WARN_OBJC_IMPLICIT_RETAIN_SELF = YES;
				CLANG_WARN_OBJC_LITERAL_CONVERSION = YES;
				CLANG_WARN_OBJC_ROOT_CLASS = YES_ERROR;
				CLANG_WARN_QUOTED_INCLUDE_IN_FRAMEWORK_HEADER = YES;
				CLANG_WARN_RANGE_LOOP_ANALYSIS = YES;
				CLANG_WARN_STRICT_PROTOTYPES = YES;
				CLANG_WARN_SUSPICIOUS_MOVE = YES;
				CLANG_WARN_UNGUARDED_AVAILABILITY = YES_AGGRESSIVE;
				CLANG_WARN_UNREACHABLE_CODE = YES;
				CLANG_WARN__DUPLICATE_METHOD_MATCH = YES;
				COPY_PHASE_STRIP = NO;
				DEBUG_INFORMATION_FORMAT = "dwarf-with-dsym";
				ENABLE_NS_ASSERTIONS = NO;
				ENABLE_STRICT_OBJC_MSGSEND = YES;
				GCC_C_LANGUAGE_STANDARD = gnu11;
				GCC_NO_COMMON_BLOCKS = YES;
				GCC_WARN_64_TO_32_BIT_CONVERSION = YES;
				GCC_WARN_ABOUT_RETURN_TYPE = YES_ERROR;
				GCC_WARN_UNDECLARED_SELECTOR = YES;
				GCC_WARN_UNINITIALIZED_AUTOS = YES_AGGRESSIVE;
				GCC_WARN_UNUSED_FUNCTION = YES;
				GCC_WARN_UNUSED_VARIABLE = YES;
				IPHONEOS_DEPLOYMENT_TARGET = 16.4;
				MTL_ENABLE_DEBUG_INFO = NO;
				MTL_FAST_MATH = YES;
				SDKROOT = iphoneos;
				SWIFT_COMPILATION_MODE = wholemodule;
				SWIFT_OPTIMIZATION_LEVEL = "-O";
				VALIDATE_PRODUCT = YES;
			};
			name = Release;
		};
		0455B9C22AE5FC4600F31514 /* Debug */ = {
			isa = XCBuildConfiguration;
			buildSettings = {
				ASSETCATALOG_COMPILER_APPICON_NAME = AppIcon;
				ASSETCATALOG_COMPILER_GLOBAL_ACCENT_COLOR_NAME = AccentColor;
				CODE_SIGN_STYLE = Automatic;
				CURRENT_PROJECT_VERSION = 1;
				GENERATE_INFOPLIST_FILE = YES;
				INFOPLIST_FILE = SeSACRxSwiftBasicXcode14/Info.plist;
				INFOPLIST_KEY_UIApplicationSupportsIndirectInputEvents = YES;
				INFOPLIST_KEY_UILaunchStoryboardName = LaunchScreen;
				INFOPLIST_KEY_UIMainStoryboardFile = Main;
				INFOPLIST_KEY_UISupportedInterfaceOrientations_iPad = "UIInterfaceOrientationPortrait UIInterfaceOrientationPortraitUpsideDown UIInterfaceOrientationLandscapeLeft UIInterfaceOrientationLandscapeRight";
				INFOPLIST_KEY_UISupportedInterfaceOrientations_iPhone = "UIInterfaceOrientationPortrait UIInterfaceOrientationLandscapeLeft UIInterfaceOrientationLandscapeRight";
				LD_RUNPATH_SEARCH_PATHS = (
					"$(inherited)",
					"@executable_path/Frameworks",
				);
				MARKETING_VERSION = 1.0;
				PRODUCT_BUNDLE_IDENTIFIER = com.sesac.SeSACRxSwiftBasicXcode14;
				PRODUCT_NAME = "$(TARGET_NAME)";
				SWIFT_EMIT_LOC_STRINGS = YES;
				SWIFT_VERSION = 5.0;
				TARGETED_DEVICE_FAMILY = "1,2";
			};
			name = Debug;
		};
		0455B9C32AE5FC4600F31514 /* Release */ = {
			isa = XCBuildConfiguration;
			buildSettings = {
				ASSETCATALOG_COMPILER_APPICON_NAME = AppIcon;
				ASSETCATALOG_COMPILER_GLOBAL_ACCENT_COLOR_NAME = AccentColor;
				CODE_SIGN_STYLE = Automatic;
				CURRENT_PROJECT_VERSION = 1;
				GENERATE_INFOPLIST_FILE = YES;
				INFOPLIST_FILE = SeSACRxSwiftBasicXcode14/Info.plist;
				INFOPLIST_KEY_UIApplicationSupportsIndirectInputEvents = YES;
				INFOPLIST_KEY_UILaunchStoryboardName = LaunchScreen;
				INFOPLIST_KEY_UIMainStoryboardFile = Main;
				INFOPLIST_KEY_UISupportedInterfaceOrientations_iPad = "UIInterfaceOrientationPortrait UIInterfaceOrientationPortraitUpsideDown UIInterfaceOrientationLandscapeLeft UIInterfaceOrientationLandscapeRight";
				INFOPLIST_KEY_UISupportedInterfaceOrientations_iPhone = "UIInterfaceOrientationPortrait UIInterfaceOrientationLandscapeLeft UIInterfaceOrientationLandscapeRight";
				LD_RUNPATH_SEARCH_PATHS = (
					"$(inherited)",
					"@executable_path/Frameworks",
				);
				MARKETING_VERSION = 1.0;
				PRODUCT_BUNDLE_IDENTIFIER = com.sesac.SeSACRxSwiftBasicXcode14;
				PRODUCT_NAME = "$(TARGET_NAME)";
				SWIFT_EMIT_LOC_STRINGS = YES;
				SWIFT_VERSION = 5.0;
				TARGETED_DEVICE_FAMILY = "1,2";
			};
			name = Release;
		};
		0455B9C52AE5FC4600F31514 /* Debug */ = {
			isa = XCBuildConfiguration;
			buildSettings = {
				ALWAYS_EMBED_SWIFT_STANDARD_LIBRARIES = YES;
				BUNDLE_LOADER = "$(TEST_HOST)";
				CODE_SIGN_STYLE = Automatic;
				CURRENT_PROJECT_VERSION = 1;
				GENERATE_INFOPLIST_FILE = YES;
				IPHONEOS_DEPLOYMENT_TARGET = 16.4;
				MARKETING_VERSION = 1.0;
				PRODUCT_BUNDLE_IDENTIFIER = com.sesac.SeSACRxSwiftBasicXcode14Tests;
				PRODUCT_NAME = "$(TARGET_NAME)";
				SWIFT_EMIT_LOC_STRINGS = NO;
				SWIFT_VERSION = 5.0;
				TARGETED_DEVICE_FAMILY = "1,2";
				TEST_HOST = "$(BUILT_PRODUCTS_DIR)/SeSACRxSwiftBasicXcode14.app/$(BUNDLE_EXECUTABLE_FOLDER_PATH)/SeSACRxSwiftBasicXcode14";
			};
			name = Debug;
		};
		0455B9C62AE5FC4600F31514 /* Release */ = {
			isa = XCBuildConfiguration;
			buildSettings = {
				ALWAYS_EMBED_SWIFT_STANDARD_LIBRARIES = YES;
				BUNDLE_LOADER = "$(TEST_HOST)";
				CODE_SIGN_STYLE = Automatic;
				CURRENT_PROJECT_VERSION = 1;
				GENERATE_INFOPLIST_FILE = YES;
				IPHONEOS_DEPLOYMENT_TARGET = 16.4;
				MARKETING_VERSION = 1.0;
				PRODUCT_BUNDLE_IDENTIFIER = com.sesac.SeSACRxSwiftBasicXcode14Tests;
				PRODUCT_NAME = "$(TARGET_NAME)";
				SWIFT_EMIT_LOC_STRINGS = NO;
				SWIFT_VERSION = 5.0;
				TARGETED_DEVICE_FAMILY = "1,2";
				TEST_HOST = "$(BUILT_PRODUCTS_DIR)/SeSACRxSwiftBasicXcode14.app/$(BUNDLE_EXECUTABLE_FOLDER_PATH)/SeSACRxSwiftBasicXcode14";
			};
			name = Release;
		};
		0455B9C82AE5FC4600F31514 /* Debug */ = {
			isa = XCBuildConfiguration;
			buildSettings = {
				ALWAYS_EMBED_SWIFT_STANDARD_LIBRARIES = YES;
				CODE_SIGN_STYLE = Automatic;
				CURRENT_PROJECT_VERSION = 1;
				GENERATE_INFOPLIST_FILE = YES;
				MARKETING_VERSION = 1.0;
				PRODUCT_BUNDLE_IDENTIFIER = com.sesac.SeSACRxSwiftBasicXcode14UITests;
				PRODUCT_NAME = "$(TARGET_NAME)";
				SWIFT_EMIT_LOC_STRINGS = NO;
				SWIFT_VERSION = 5.0;
				TARGETED_DEVICE_FAMILY = "1,2";
				TEST_TARGET_NAME = SeSACRxSwiftBasicXcode14;
			};
			name = Debug;
		};
		0455B9C92AE5FC4600F31514 /* Release */ = {
			isa = XCBuildConfiguration;
			buildSettings = {
				ALWAYS_EMBED_SWIFT_STANDARD_LIBRARIES = YES;
				CODE_SIGN_STYLE = Automatic;
				CURRENT_PROJECT_VERSION = 1;
				GENERATE_INFOPLIST_FILE = YES;
				MARKETING_VERSION = 1.0;
				PRODUCT_BUNDLE_IDENTIFIER = com.sesac.SeSACRxSwiftBasicXcode14UITests;
				PRODUCT_NAME = "$(TARGET_NAME)";
				SWIFT_EMIT_LOC_STRINGS = NO;
				SWIFT_VERSION = 5.0;
				TARGETED_DEVICE_FAMILY = "1,2";
				TEST_TARGET_NAME = SeSACRxSwiftBasicXcode14;
			};
			name = Release;
		};
/* End XCBuildConfiguration section */

/* Begin XCConfigurationList section */
		0455B9922AE5FC4500F31514 /* Build configuration list for PBXProject "SeSACRxSwiftBasicXcode14" */ = {
			isa = XCConfigurationList;
			buildConfigurations = (
				0455B9BF2AE5FC4600F31514 /* Debug */,
				0455B9C02AE5FC4600F31514 /* Release */,
			);
			defaultConfigurationIsVisible = 0;
			defaultConfigurationName = Release;
		};
		0455B9C12AE5FC4600F31514 /* Build configuration list for PBXNativeTarget "SeSACRxSwiftBasicXcode14" */ = {
			isa = XCConfigurationList;
			buildConfigurations = (
				0455B9C22AE5FC4600F31514 /* Debug */,
				0455B9C32AE5FC4600F31514 /* Release */,
			);
			defaultConfigurationIsVisible = 0;
			defaultConfigurationName = Release;
		};
		0455B9C42AE5FC4600F31514 /* Build configuration list for PBXNativeTarget "SeSACRxSwiftBasicXcode14Tests" */ = {
			isa = XCConfigurationList;
			buildConfigurations = (
				0455B9C52AE5FC4600F31514 /* Debug */,
				0455B9C62AE5FC4600F31514 /* Release */,
			);
			defaultConfigurationIsVisible = 0;
			defaultConfigurationName = Release;
		};
		0455B9C72AE5FC4600F31514 /* Build configuration list for PBXNativeTarget "SeSACRxSwiftBasicXcode14UITests" */ = {
			isa = XCConfigurationList;
			buildConfigurations = (
				0455B9C82AE5FC4600F31514 /* Debug */,
				0455B9C92AE5FC4600F31514 /* Release */,
			);
			defaultConfigurationIsVisible = 0;
			defaultConfigurationName = Release;
		};
/* End XCConfigurationList section */

/* Begin XCRemoteSwiftPackageReference section */
		CE94E7832AE60C520005B593 /* XCRemoteSwiftPackageReference "RxSwift" */ = {
			isa = XCRemoteSwiftPackageReference;
			repositoryURL = "https://github.com/ReactiveX/RxSwift.git";
			requirement = {
				kind = upToNextMajorVersion;
				minimumVersion = 6.0.0;
			};
		};
/* End XCRemoteSwiftPackageReference section */

/* Begin XCSwiftPackageProductDependency section */
		CE94E7842AE60C520005B593 /* RxCocoa */ = {
			isa = XCSwiftPackageProductDependency;
			package = CE94E7832AE60C520005B593 /* XCRemoteSwiftPackageReference "RxSwift" */;
			productName = RxCocoa;
		};
		CE94E7862AE60C520005B593 /* RxSwift */ = {
			isa = XCSwiftPackageProductDependency;
			package = CE94E7832AE60C520005B593 /* XCRemoteSwiftPackageReference "RxSwift" */;
			productName = RxSwift;
		};
/* End XCSwiftPackageProductDependency section */
	};
	rootObject = 0455B98F2AE5FC4500F31514 /* Project object */;
}
