// !$*UTF8*$!
{
	archiveVersion = 1;
	classes = {
	};
	objectVersion = 56;
	objects = {

/* Begin PBXBuildFile section */
		CE5C4EB72B31256D00C13147 /* AppDelegate.swift in Sources */ = {isa = PBXBuildFile; fileRef = CE5C4EB62B31256D00C13147 /* AppDelegate.swift */; };
		CE5C4EB92B31256D00C13147 /* SceneDelegate.swift in Sources */ = {isa = PBXBuildFile; fileRef = CE5C4EB82B31256D00C13147 /* SceneDelegate.swift */; };
		CE5C4EBB2B31256D00C13147 /* ViewController.swift in Sources */ = {isa = PBXBuildFile; fileRef = CE5C4EBA2B31256D00C13147 /* ViewController.swift */; };
		CE5C4EBE2B31256D00C13147 /* Main.storyboard in Resources */ = {isa = PBXBuildFile; fileRef = CE5C4EBC2B31256D00C13147 /* Main.storyboard */; };
		CE5C4EC02B31256E00C13147 /* Assets.xcassets in Resources */ = {isa = PBXBuildFile; fileRef = CE5C4EBF2B31256E00C13147 /* Assets.xcassets */; };
		CE5C4EC32B31256E00C13147 /* LaunchScreen.storyboard in Resources */ = {isa = PBXBuildFile; fileRef = CE5C4EC12B31256E00C13147 /* LaunchScreen.storyboard */; };
		CE5C4ECE2B31256F00C13147 /* SwiftConcurrencyTests.swift in Sources */ = {isa = PBXBuildFile; fileRef = CE5C4ECD2B31256F00C13147 /* SwiftConcurrencyTests.swift */; };
		CE5C4ED82B31256F00C13147 /* SwiftConcurrencyUITests.swift in Sources */ = {isa = PBXBuildFile; fileRef = CE5C4ED72B31256F00C13147 /* SwiftConcurrencyUITests.swift */; };
		CE5C4EDA2B31256F00C13147 /* SwiftConcurrencyUITestsLaunchTests.swift in Sources */ = {isa = PBXBuildFile; fileRef = CE5C4ED92B31256F00C13147 /* SwiftConcurrencyUITestsLaunchTests.swift */; };
		CE5C4EE72B31258700C13147 /* Network.swift in Sources */ = {isa = PBXBuildFile; fileRef = CE5C4EE62B31258700C13147 /* Network.swift */; };
		CEF61E542B328FB700A24BE3 /* TestView.swift in Sources */ = {isa = PBXBuildFile; fileRef = CEF61E532B328FB700A24BE3 /* TestView.swift */; };
		CEF61E562B328FCD00A24BE3 /* HostingTestView.swift in Sources */ = {isa = PBXBuildFile; fileRef = CEF61E552B328FCD00A24BE3 /* HostingTestView.swift */; };
/* End PBXBuildFile section */

/* Begin PBXContainerItemProxy section */
		CE5C4ECA2B31256F00C13147 /* PBXContainerItemProxy */ = {
			isa = PBXContainerItemProxy;
			containerPortal = CE5C4EAB2B31256D00C13147 /* Project object */;
			proxyType = 1;
			remoteGlobalIDString = CE5C4EB22B31256D00C13147;
			remoteInfo = SwiftConcurrency;
		};
		CE5C4ED42B31256F00C13147 /* PBXContainerItemProxy */ = {
			isa = PBXContainerItemProxy;
			containerPortal = CE5C4EAB2B31256D00C13147 /* Project object */;
			proxyType = 1;
			remoteGlobalIDString = CE5C4EB22B31256D00C13147;
			remoteInfo = SwiftConcurrency;
		};
/* End PBXContainerItemProxy section */

/* Begin PBXFileReference section */
		CE5C4EB32B31256D00C13147 /* SwiftConcurrency.app */ = {isa = PBXFileReference; explicitFileType = wrapper.application; includeInIndex = 0; path = SwiftConcurrency.app; sourceTree = BUILT_PRODUCTS_DIR; };
		CE5C4EB62B31256D00C13147 /* AppDelegate.swift */ = {isa = PBXFileReference; lastKnownFileType = sourcecode.swift; path = AppDelegate.swift; sourceTree = "<group>"; };
		CE5C4EB82B31256D00C13147 /* SceneDelegate.swift */ = {isa = PBXFileReference; lastKnownFileType = sourcecode.swift; path = SceneDelegate.swift; sourceTree = "<group>"; };
		CE5C4EBA2B31256D00C13147 /* ViewController.swift */ = {isa = PBXFileReference; lastKnownFileType = sourcecode.swift; path = ViewController.swift; sourceTree = "<group>"; };
		CE5C4EBD2B31256D00C13147 /* Base */ = {isa = PBXFileReference; lastKnownFileType = file.storyboard; name = Base; path = Base.lproj/Main.storyboard; sourceTree = "<group>"; };
		CE5C4EBF2B31256E00C13147 /* Assets.xcassets */ = {isa = PBXFileReference; lastKnownFileType = folder.assetcatalog; path = Assets.xcassets; sourceTree = "<group>"; };
		CE5C4EC22B31256E00C13147 /* Base */ = {isa = PBXFileReference; lastKnownFileType = file.storyboard; name = Base; path = Base.lproj/LaunchScreen.storyboard; sourceTree = "<group>"; };
		CE5C4EC42B31256E00C13147 /* Info.plist */ = {isa = PBXFileReference; lastKnownFileType = text.plist.xml; path = Info.plist; sourceTree = "<group>"; };
		CE5C4EC92B31256F00C13147 /* SwiftConcurrencyTests.xctest */ = {isa = PBXFileReference; explicitFileType = wrapper.cfbundle; includeInIndex = 0; path = SwiftConcurrencyTests.xctest; sourceTree = BUILT_PRODUCTS_DIR; };
		CE5C4ECD2B31256F00C13147 /* SwiftConcurrencyTests.swift */ = {isa = PBXFileReference; lastKnownFileType = sourcecode.swift; path = SwiftConcurrencyTests.swift; sourceTree = "<group>"; };
		CE5C4ED32B31256F00C13147 /* SwiftConcurrencyUITests.xctest */ = {isa = PBXFileReference; explicitFileType = wrapper.cfbundle; includeInIndex = 0; path = SwiftConcurrencyUITests.xctest; sourceTree = BUILT_PRODUCTS_DIR; };
		CE5C4ED72B31256F00C13147 /* SwiftConcurrencyUITests.swift */ = {isa = PBXFileReference; lastKnownFileType = sourcecode.swift; path = SwiftConcurrencyUITests.swift; sourceTree = "<group>"; };
		CE5C4ED92B31256F00C13147 /* SwiftConcurrencyUITestsLaunchTests.swift */ = {isa = PBXFileReference; lastKnownFileType = sourcecode.swift; path = SwiftConcurrencyUITestsLaunchTests.swift; sourceTree = "<group>"; };
		CE5C4EE62B31258700C13147 /* Network.swift */ = {isa = PBXFileReference; lastKnownFileType = sourcecode.swift; path = Network.swift; sourceTree = "<group>"; };
		CEF61E532B328FB700A24BE3 /* TestView.swift */ = {isa = PBXFileReference; lastKnownFileType = sourcecode.swift; path = TestView.swift; sourceTree = "<group>"; };
		CEF61E552B328FCD00A24BE3 /* HostingTestView.swift */ = {isa = PBXFileReference; lastKnownFileType = sourcecode.swift; path = HostingTestView.swift; sourceTree = "<group>"; };
/* End PBXFileReference section */

/* Begin PBXFrameworksBuildPhase section */
		CE5C4EB02B31256D00C13147 /* Frameworks */ = {
			isa = PBXFrameworksBuildPhase;
			buildActionMask = 2147483647;
			files = (
			);
			runOnlyForDeploymentPostprocessing = 0;
		};
		CE5C4EC62B31256F00C13147 /* Frameworks */ = {
			isa = PBXFrameworksBuildPhase;
			buildActionMask = 2147483647;
			files = (
			);
			runOnlyForDeploymentPostprocessing = 0;
		};
		CE5C4ED02B31256F00C13147 /* Frameworks */ = {
			isa = PBXFrameworksBuildPhase;
			buildActionMask = 2147483647;
			files = (
			);
			runOnlyForDeploymentPostprocessing = 0;
		};
/* End PBXFrameworksBuildPhase section */

/* Begin PBXGroup section */
		CE5C4EAA2B31256D00C13147 = {
			isa = PBXGroup;
			children = (
				CE5C4EB52B31256D00C13147 /* SwiftConcurrency */,
				CE5C4ECC2B31256F00C13147 /* SwiftConcurrencyTests */,
				CE5C4ED62B31256F00C13147 /* SwiftConcurrencyUITests */,
				CE5C4EB42B31256D00C13147 /* Products */,
			);
			sourceTree = "<group>";
		};
		CE5C4EB42B31256D00C13147 /* Products */ = {
			isa = PBXGroup;
			children = (
				CE5C4EB32B31256D00C13147 /* SwiftConcurrency.app */,
				CE5C4EC92B31256F00C13147 /* SwiftConcurrencyTests.xctest */,
				CE5C4ED32B31256F00C13147 /* SwiftConcurrencyUITests.xctest */,
			);
			name = Products;
			sourceTree = "<group>";
		};
		CE5C4EB52B31256D00C13147 /* SwiftConcurrency */ = {
			isa = PBXGroup;
			children = (
				CE5C4EB62B31256D00C13147 /* AppDelegate.swift */,
				CE5C4EB82B31256D00C13147 /* SceneDelegate.swift */,
				CE5C4EBA2B31256D00C13147 /* ViewController.swift */,
				CE5C4EBC2B31256D00C13147 /* Main.storyboard */,
				CE5C4EBF2B31256E00C13147 /* Assets.xcassets */,
				CE5C4EC12B31256E00C13147 /* LaunchScreen.storyboard */,
				CE5C4EC42B31256E00C13147 /* Info.plist */,
				CE5C4EE62B31258700C13147 /* Network.swift */,
				CEF61E532B328FB700A24BE3 /* TestView.swift */,
				CEF61E552B328FCD00A24BE3 /* HostingTestView.swift */,
			);
			path = SwiftConcurrency;
			sourceTree = "<group>";
		};
		CE5C4ECC2B31256F00C13147 /* SwiftConcurrencyTests */ = {
			isa = PBXGroup;
			children = (
				CE5C4ECD2B31256F00C13147 /* SwiftConcurrencyTests.swift */,
			);
			path = SwiftConcurrencyTests;
			sourceTree = "<group>";
		};
		CE5C4ED62B31256F00C13147 /* SwiftConcurrencyUITests */ = {
			isa = PBXGroup;
			children = (
				CE5C4ED72B31256F00C13147 /* SwiftConcurrencyUITests.swift */,
				CE5C4ED92B31256F00C13147 /* SwiftConcurrencyUITestsLaunchTests.swift */,
			);
			path = SwiftConcurrencyUITests;
			sourceTree = "<group>";
		};
/* End PBXGroup section */

/* Begin PBXNativeTarget section */
		CE5C4EB22B31256D00C13147 /* SwiftConcurrency */ = {
			isa = PBXNativeTarget;
			buildConfigurationList = CE5C4EDD2B31256F00C13147 /* Build configuration list for PBXNativeTarget "SwiftConcurrency" */;
			buildPhases = (
				CE5C4EAF2B31256D00C13147 /* Sources */,
				CE5C4EB02B31256D00C13147 /* Frameworks */,
				CE5C4EB12B31256D00C13147 /* Resources */,
			);
			buildRules = (
			);
			dependencies = (
			);
			name = SwiftConcurrency;
			productName = SwiftConcurrency;
			productReference = CE5C4EB32B31256D00C13147 /* SwiftConcurrency.app */;
			productType = "com.apple.product-type.application";
		};
		CE5C4EC82B31256F00C13147 /* SwiftConcurrencyTests */ = {
			isa = PBXNativeTarget;
			buildConfigurationList = CE5C4EE02B31256F00C13147 /* Build configuration list for PBXNativeTarget "SwiftConcurrencyTests" */;
			buildPhases = (
				CE5C4EC52B31256F00C13147 /* Sources */,
				CE5C4EC62B31256F00C13147 /* Frameworks */,
				CE5C4EC72B31256F00C13147 /* Resources */,
			);
			buildRules = (
			);
			dependencies = (
				CE5C4ECB2B31256F00C13147 /* PBXTargetDependency */,
			);
			name = SwiftConcurrencyTests;
			productName = SwiftConcurrencyTests;
			productReference = CE5C4EC92B31256F00C13147 /* SwiftConcurrencyTests.xctest */;
			productType = "com.apple.product-type.bundle.unit-test";
		};
		CE5C4ED22B31256F00C13147 /* SwiftConcurrencyUITests */ = {
			isa = PBXNativeTarget;
			buildConfigurationList = CE5C4EE32B31256F00C13147 /* Build configuration list for PBXNativeTarget "SwiftConcurrencyUITests" */;
			buildPhases = (
				CE5C4ECF2B31256F00C13147 /* Sources */,
				CE5C4ED02B31256F00C13147 /* Frameworks */,
				CE5C4ED12B31256F00C13147 /* Resources */,
			);
			buildRules = (
			);
			dependencies = (
				CE5C4ED52B31256F00C13147 /* PBXTargetDependency */,
			);
			name = SwiftConcurrencyUITests;
			productName = SwiftConcurrencyUITests;
			productReference = CE5C4ED32B31256F00C13147 /* SwiftConcurrencyUITests.xctest */;
			productType = "com.apple.product-type.bundle.ui-testing";
		};
/* End PBXNativeTarget section */

/* Begin PBXProject section */
		CE5C4EAB2B31256D00C13147 /* Project object */ = {
			isa = PBXProject;
			attributes = {
				BuildIndependentTargetsInParallel = 1;
				LastSwiftUpdateCheck = 1500;
				LastUpgradeCheck = 1500;
				TargetAttributes = {
					CE5C4EB22B31256D00C13147 = {
						CreatedOnToolsVersion = 15.0.1;
					};
					CE5C4EC82B31256F00C13147 = {
						CreatedOnToolsVersion = 15.0.1;
						TestTargetID = CE5C4EB22B31256D00C13147;
					};
					CE5C4ED22B31256F00C13147 = {
						CreatedOnToolsVersion = 15.0.1;
						TestTargetID = CE5C4EB22B31256D00C13147;
					};
				};
			};
			buildConfigurationList = CE5C4EAE2B31256D00C13147 /* Build configuration list for PBXProject "SwiftConcurrency" */;
			compatibilityVersion = "Xcode 14.0";
			developmentRegion = en;
			hasScannedForEncodings = 0;
			knownRegions = (
				en,
				Base,
			);
			mainGroup = CE5C4EAA2B31256D00C13147;
			productRefGroup = CE5C4EB42B31256D00C13147 /* Products */;
			projectDirPath = "";
			projectRoot = "";
			targets = (
				CE5C4EB22B31256D00C13147 /* SwiftConcurrency */,
				CE5C4EC82B31256F00C13147 /* SwiftConcurrencyTests */,
				CE5C4ED22B31256F00C13147 /* SwiftConcurrencyUITests */,
			);
		};
/* End PBXProject section */

/* Begin PBXResourcesBuildPhase section */
		CE5C4EB12B31256D00C13147 /* Resources */ = {
			isa = PBXResourcesBuildPhase;
			buildActionMask = 2147483647;
			files = (
				CE5C4EC32B31256E00C13147 /* LaunchScreen.storyboard in Resources */,
				CE5C4EC02B31256E00C13147 /* Assets.xcassets in Resources */,
				CE5C4EBE2B31256D00C13147 /* Main.storyboard in Resources */,
			);
			runOnlyForDeploymentPostprocessing = 0;
		};
		CE5C4EC72B31256F00C13147 /* Resources */ = {
			isa = PBXResourcesBuildPhase;
			buildActionMask = 2147483647;
			files = (
			);
			runOnlyForDeploymentPostprocessing = 0;
		};
		CE5C4ED12B31256F00C13147 /* Resources */ = {
			isa = PBXResourcesBuildPhase;
			buildActionMask = 2147483647;
			files = (
			);
			runOnlyForDeploymentPostprocessing = 0;
		};
/* End PBXResourcesBuildPhase section */

/* Begin PBXSourcesBuildPhase section */
		CE5C4EAF2B31256D00C13147 /* Sources */ = {
			isa = PBXSourcesBuildPhase;
			buildActionMask = 2147483647;
			files = (
				CE5C4EBB2B31256D00C13147 /* ViewController.swift in Sources */,
				CEF61E542B328FB700A24BE3 /* TestView.swift in Sources */,
				CE5C4EB72B31256D00C13147 /* AppDelegate.swift in Sources */,
				CEF61E562B328FCD00A24BE3 /* HostingTestView.swift in Sources */,
				CE5C4EE72B31258700C13147 /* Network.swift in Sources */,
				CE5C4EB92B31256D00C13147 /* SceneDelegate.swift in Sources */,
			);
			runOnlyForDeploymentPostprocessing = 0;
		};
		CE5C4EC52B31256F00C13147 /* Sources */ = {
			isa = PBXSourcesBuildPhase;
			buildActionMask = 2147483647;
			files = (
				CE5C4ECE2B31256F00C13147 /* SwiftConcurrencyTests.swift in Sources */,
			);
			runOnlyForDeploymentPostprocessing = 0;
		};
		CE5C4ECF2B31256F00C13147 /* Sources */ = {
			isa = PBXSourcesBuildPhase;
			buildActionMask = 2147483647;
			files = (
				CE5C4EDA2B31256F00C13147 /* SwiftConcurrencyUITestsLaunchTests.swift in Sources */,
				CE5C4ED82B31256F00C13147 /* SwiftConcurrencyUITests.swift in Sources */,
			);
			runOnlyForDeploymentPostprocessing = 0;
		};
/* End PBXSourcesBuildPhase section */

/* Begin PBXTargetDependency section */
		CE5C4ECB2B31256F00C13147 /* PBXTargetDependency */ = {
			isa = PBXTargetDependency;
			target = CE5C4EB22B31256D00C13147 /* SwiftConcurrency */;
			targetProxy = CE5C4ECA2B31256F00C13147 /* PBXContainerItemProxy */;
		};
		CE5C4ED52B31256F00C13147 /* PBXTargetDependency */ = {
			isa = PBXTargetDependency;
			target = CE5C4EB22B31256D00C13147 /* SwiftConcurrency */;
			targetProxy = CE5C4ED42B31256F00C13147 /* PBXContainerItemProxy */;
		};
/* End PBXTargetDependency section */

/* Begin PBXVariantGroup section */
		CE5C4EBC2B31256D00C13147 /* Main.storyboard */ = {
			isa = PBXVariantGroup;
			children = (
				CE5C4EBD2B31256D00C13147 /* Base */,
			);
			name = Main.storyboard;
			sourceTree = "<group>";
		};
		CE5C4EC12B31256E00C13147 /* LaunchScreen.storyboard */ = {
			isa = PBXVariantGroup;
			children = (
				CE5C4EC22B31256E00C13147 /* Base */,
			);
			name = LaunchScreen.storyboard;
			sourceTree = "<group>";
		};
/* End PBXVariantGroup section */

/* Begin XCBuildConfiguration section */
		CE5C4EDB2B31256F00C13147 /* Debug */ = {
			isa = XCBuildConfiguration;
			buildSettings = {
				ALWAYS_SEARCH_USER_PATHS = NO;
				ASSETCATALOG_COMPILER_GENERATE_SWIFT_ASSET_SYMBOL_EXTENSIONS = YES;
				CLANG_ANALYZER_NONNULL = YES;
				CLANG_ANALYZER_NUMBER_OBJECT_CONVERSION = YES_AGGRESSIVE;
				CLANG_CXX_LANGUAGE_STANDARD = "gnu++20";
				CLANG_ENABLE_MODULES = YES;
				CLANG_ENABLE_OBJC_ARC = YES;
				CLANG_ENABLE_OBJC_WEAK = YES;
				CLANG_WARN_BLOCK_CAPTURE_AUTORELEASING = YES;
				CLANG_WARN_BOOL_CONVERSION = YES;
				CLANG_WARN_COMMA = YES;
				CLANG_WARN_CONSTANT_CONVERSION = YES;
				CLANG_WARN_DEPRECATED_OBJC_IMPLEMENTATIONS = YES;
				CLANG_WARN_DIRECT_OBJC_ISA_USAGE = YES_ERROR;
				CLANG_WARN_DOCUMENTATION_COMMENTS = YES;
				CLANG_WARN_EMPTY_BODY = YES;
				CLANG_WARN_ENUM_CONVERSION = YES;
				CLANG_WARN_INFINITE_RECURSION = YES;
				CLANG_WARN_INT_CONVERSION = YES;
				CLANG_WARN_NON_LITERAL_NULL_CONVERSION = YES;
				CLANG_WARN_OBJC_IMPLICIT_RETAIN_SELF = YES;
				CLANG_WARN_OBJC_LITERAL_CONVERSION = YES;
				CLANG_WARN_OBJC_ROOT_CLASS = YES_ERROR;
				CLANG_WARN_QUOTED_INCLUDE_IN_FRAMEWORK_HEADER = YES;
				CLANG_WARN_RANGE_LOOP_ANALYSIS = YES;
				CLANG_WARN_STRICT_PROTOTYPES = YES;
				CLANG_WARN_SUSPICIOUS_MOVE = YES;
				CLANG_WARN_UNGUARDED_AVAILABILITY = YES_AGGRESSIVE;
				CLANG_WARN_UNREACHABLE_CODE = YES;
				CLANG_WARN__DUPLICATE_METHOD_MATCH = YES;
				COPY_PHASE_STRIP = NO;
				DEBUG_INFORMATION_FORMAT = dwarf;
				ENABLE_STRICT_OBJC_MSGSEND = YES;
				ENABLE_TESTABILITY = YES;
				ENABLE_USER_SCRIPT_SANDBOXING = YES;
				GCC_C_LANGUAGE_STANDARD = gnu17;
				GCC_DYNAMIC_NO_PIC = NO;
				GCC_NO_COMMON_BLOCKS = YES;
				GCC_OPTIMIZATION_LEVEL = 0;
				GCC_PREPROCESSOR_DEFINITIONS = (
					"DEBUG=1",
					"$(inherited)",
				);
				GCC_WARN_64_TO_32_BIT_CONVERSION = YES;
				GCC_WARN_ABOUT_RETURN_TYPE = YES_ERROR;
				GCC_WARN_UNDECLARED_SELECTOR = YES;
				GCC_WARN_UNINITIALIZED_AUTOS = YES_AGGRESSIVE;
				GCC_WARN_UNUSED_FUNCTION = YES;
				GCC_WARN_UNUSED_VARIABLE = YES;
				IPHONEOS_DEPLOYMENT_TARGET = 17.0;
				LOCALIZATION_PREFERS_STRING_CATALOGS = YES;
				MTL_ENABLE_DEBUG_INFO = INCLUDE_SOURCE;
				MTL_FAST_MATH = YES;
				ONLY_ACTIVE_ARCH = YES;
				SDKROOT = iphoneos;
				SWIFT_ACTIVE_COMPILATION_CONDITIONS = "DEBUG $(inherited)";
				SWIFT_OPTIMIZATION_LEVEL = "-Onone";
			};
			name = Debug;
		};
		CE5C4EDC2B31256F00C13147 /* Release */ = {
			isa = XCBuildConfiguration;
			buildSettings = {
				ALWAYS_SEARCH_USER_PATHS = NO;
				ASSETCATALOG_COMPILER_GENERATE_SWIFT_ASSET_SYMBOL_EXTENSIONS = YES;
				CLANG_ANALYZER_NONNULL = YES;
				CLANG_ANALYZER_NUMBER_OBJECT_CONVERSION = YES_AGGRESSIVE;
				CLANG_CXX_LANGUAGE_STANDARD = "gnu++20";
				CLANG_ENABLE_MODULES = YES;
				CLANG_ENABLE_OBJC_ARC = YES;
				CLANG_ENABLE_OBJC_WEAK = YES;
				CLANG_WARN_BLOCK_CAPTURE_AUTORELEASING = YES;
				CLANG_WARN_BOOL_CONVERSION = YES;
				CLANG_WARN_COMMA = YES;
				CLANG_WARN_CONSTANT_CONVERSION = YES;
				CLANG_WARN_DEPRECATED_OBJC_IMPLEMENTATIONS = YES;
				CLANG_WARN_DIRECT_OBJC_ISA_USAGE = YES_ERROR;
				CLANG_WARN_DOCUMENTATION_COMMENTS = YES;
				CLANG_WARN_EMPTY_BODY = YES;
				CLANG_WARN_ENUM_CONVERSION = YES;
				CLANG_WARN_INFINITE_RECURSION = YES;
				CLANG_WARN_INT_CONVERSION = YES;
				CLANG_WARN_NON_LITERAL_NULL_CONVERSION = YES;
				CLANG_WARN_OBJC_IMPLICIT_RETAIN_SELF = YES;
				CLANG_WARN_OBJC_LITERAL_CONVERSION = YES;
				CLANG_WARN_OBJC_ROOT_CLASS = YES_ERROR;
				CLANG_WARN_QUOTED_INCLUDE_IN_FRAMEWORK_HEADER = YES;
				CLANG_WARN_RANGE_LOOP_ANALYSIS = YES;
				CLANG_WARN_STRICT_PROTOTYPES = YES;
				CLANG_WARN_SUSPICIOUS_MOVE = YES;
				CLANG_WARN_UNGUARDED_AVAILABILITY = YES_AGGRESSIVE;
				CLANG_WARN_UNREACHABLE_CODE = YES;
				CLANG_WARN__DUPLICATE_METHOD_MATCH = YES;
				COPY_PHASE_STRIP = NO;
				DEBUG_INFORMATION_FORMAT = "dwarf-with-dsym";
				ENABLE_NS_ASSERTIONS = NO;
				ENABLE_STRICT_OBJC_MSGSEND = YES;
				ENABLE_USER_SCRIPT_SANDBOXING = YES;
				GCC_C_LANGUAGE_STANDARD = gnu17;
				GCC_NO_COMMON_BLOCKS = YES;
				GCC_WARN_64_TO_32_BIT_CONVERSION = YES;
				GCC_WARN_ABOUT_RETURN_TYPE = YES_ERROR;
				GCC_WARN_UNDECLARED_SELECTOR = YES;
				GCC_WARN_UNINITIALIZED_AUTOS = YES_AGGRESSIVE;
				GCC_WARN_UNUSED_FUNCTION = YES;
				GCC_WARN_UNUSED_VARIABLE = YES;
				IPHONEOS_DEPLOYMENT_TARGET = 17.0;
				LOCALIZATION_PREFERS_STRING_CATALOGS = YES;
				MTL_ENABLE_DEBUG_INFO = NO;
				MTL_FAST_MATH = YES;
				SDKROOT = iphoneos;
				SWIFT_COMPILATION_MODE = wholemodule;
				VALIDATE_PRODUCT = YES;
			};
			name = Release;
		};
		CE5C4EDE2B31256F00C13147 /* Debug */ = {
			isa = XCBuildConfiguration;
			buildSettings = {
				ASSETCATALOG_COMPILER_APPICON_NAME = AppIcon;
				ASSETCATALOG_COMPILER_GLOBAL_ACCENT_COLOR_NAME = AccentColor;
				CODE_SIGN_STYLE = Automatic;
				CURRENT_PROJECT_VERSION = 1;
				DEVELOPMENT_TEAM = DJP8DYB9HG;
				GENERATE_INFOPLIST_FILE = YES;
				INFOPLIST_FILE = SwiftConcurrency/Info.plist;
				INFOPLIST_KEY_UIApplicationSupportsIndirectInputEvents = YES;
				INFOPLIST_KEY_UILaunchStoryboardName = LaunchScreen;
				INFOPLIST_KEY_UIMainStoryboardFile = Main;
				INFOPLIST_KEY_UISupportedInterfaceOrientations_iPad = "UIInterfaceOrientationPortrait UIInterfaceOrientationPortraitUpsideDown UIInterfaceOrientationLandscapeLeft UIInterfaceOrientationLandscapeRight";
				INFOPLIST_KEY_UISupportedInterfaceOrientations_iPhone = "UIInterfaceOrientationPortrait UIInterfaceOrientationLandscapeLeft UIInterfaceOrientationLandscapeRight";
				LD_RUNPATH_SEARCH_PATHS = (
					"$(inherited)",
					"@executable_path/Frameworks",
				);
				MARKETING_VERSION = 1.0;
				PRODUCT_BUNDLE_IDENTIFIER = com.jiyeon.SwiftConcurrency;
				PRODUCT_NAME = "$(TARGET_NAME)";
				SWIFT_EMIT_LOC_STRINGS = YES;
				SWIFT_VERSION = 5.0;
				TARGETED_DEVICE_FAMILY = "1,2";
			};
			name = Debug;
		};
		CE5C4EDF2B31256F00C13147 /* Release */ = {
			isa = XCBuildConfiguration;
			buildSettings = {
				ASSETCATALOG_COMPILER_APPICON_NAME = AppIcon;
				ASSETCATALOG_COMPILER_GLOBAL_ACCENT_COLOR_NAME = AccentColor;
				CODE_SIGN_STYLE = Automatic;
				CURRENT_PROJECT_VERSION = 1;
				DEVELOPMENT_TEAM = DJP8DYB9HG;
				GENERATE_INFOPLIST_FILE = YES;
				INFOPLIST_FILE = SwiftConcurrency/Info.plist;
				INFOPLIST_KEY_UIApplicationSupportsIndirectInputEvents = YES;
				INFOPLIST_KEY_UILaunchStoryboardName = LaunchScreen;
				INFOPLIST_KEY_UIMainStoryboardFile = Main;
				INFOPLIST_KEY_UISupportedInterfaceOrientations_iPad = "UIInterfaceOrientationPortrait UIInterfaceOrientationPortraitUpsideDown UIInterfaceOrientationLandscapeLeft UIInterfaceOrientationLandscapeRight";
				INFOPLIST_KEY_UISupportedInterfaceOrientations_iPhone = "UIInterfaceOrientationPortrait UIInterfaceOrientationLandscapeLeft UIInterfaceOrientationLandscapeRight";
				LD_RUNPATH_SEARCH_PATHS = (
					"$(inherited)",
					"@executable_path/Frameworks",
				);
				MARKETING_VERSION = 1.0;
				PRODUCT_BUNDLE_IDENTIFIER = com.jiyeon.SwiftConcurrency;
				PRODUCT_NAME = "$(TARGET_NAME)";
				SWIFT_EMIT_LOC_STRINGS = YES;
				SWIFT_VERSION = 5.0;
				TARGETED_DEVICE_FAMILY = "1,2";
			};
			name = Release;
		};
		CE5C4EE12B31256F00C13147 /* Debug */ = {
			isa = XCBuildConfiguration;
			buildSettings = {
				ALWAYS_EMBED_SWIFT_STANDARD_LIBRARIES = YES;
				BUNDLE_LOADER = "$(TEST_HOST)";
				CODE_SIGN_STYLE = Automatic;
				CURRENT_PROJECT_VERSION = 1;
				DEVELOPMENT_TEAM = DJP8DYB9HG;
				GENERATE_INFOPLIST_FILE = YES;
				IPHONEOS_DEPLOYMENT_TARGET = 17.0;
				MARKETING_VERSION = 1.0;
				PRODUCT_BUNDLE_IDENTIFIER = com.jiyeon.SwiftConcurrencyTests;
				PRODUCT_NAME = "$(TARGET_NAME)";
				SWIFT_EMIT_LOC_STRINGS = NO;
				SWIFT_VERSION = 5.0;
				TARGETED_DEVICE_FAMILY = "1,2";
				TEST_HOST = "$(BUILT_PRODUCTS_DIR)/SwiftConcurrency.app/$(BUNDLE_EXECUTABLE_FOLDER_PATH)/SwiftConcurrency";
			};
			name = Debug;
		};
		CE5C4EE22B31256F00C13147 /* Release */ = {
			isa = XCBuildConfiguration;
			buildSettings = {
				ALWAYS_EMBED_SWIFT_STANDARD_LIBRARIES = YES;
				BUNDLE_LOADER = "$(TEST_HOST)";
				CODE_SIGN_STYLE = Automatic;
				CURRENT_PROJECT_VERSION = 1;
				DEVELOPMENT_TEAM = DJP8DYB9HG;
				GENERATE_INFOPLIST_FILE = YES;
				IPHONEOS_DEPLOYMENT_TARGET = 17.0;
				MARKETING_VERSION = 1.0;
				PRODUCT_BUNDLE_IDENTIFIER = com.jiyeon.SwiftConcurrencyTests;
				PRODUCT_NAME = "$(TARGET_NAME)";
				SWIFT_EMIT_LOC_STRINGS = NO;
				SWIFT_VERSION = 5.0;
				TARGETED_DEVICE_FAMILY = "1,2";
				TEST_HOST = "$(BUILT_PRODUCTS_DIR)/SwiftConcurrency.app/$(BUNDLE_EXECUTABLE_FOLDER_PATH)/SwiftConcurrency";
			};
			name = Release;
		};
		CE5C4EE42B31256F00C13147 /* Debug */ = {
			isa = XCBuildConfiguration;
			buildSettings = {
				ALWAYS_EMBED_SWIFT_STANDARD_LIBRARIES = YES;
				CODE_SIGN_STYLE = Automatic;
				CURRENT_PROJECT_VERSION = 1;
				DEVELOPMENT_TEAM = DJP8DYB9HG;
				GENERATE_INFOPLIST_FILE = YES;
				MARKETING_VERSION = 1.0;
				PRODUCT_BUNDLE_IDENTIFIER = com.jiyeon.SwiftConcurrencyUITests;
				PRODUCT_NAME = "$(TARGET_NAME)";
				SWIFT_EMIT_LOC_STRINGS = NO;
				SWIFT_VERSION = 5.0;
				TARGETED_DEVICE_FAMILY = "1,2";
				TEST_TARGET_NAME = SwiftConcurrency;
			};
			name = Debug;
		};
		CE5C4EE52B31256F00C13147 /* Release */ = {
			isa = XCBuildConfiguration;
			buildSettings = {
				ALWAYS_EMBED_SWIFT_STANDARD_LIBRARIES = YES;
				CODE_SIGN_STYLE = Automatic;
				CURRENT_PROJECT_VERSION = 1;
				DEVELOPMENT_TEAM = DJP8DYB9HG;
				GENERATE_INFOPLIST_FILE = YES;
				MARKETING_VERSION = 1.0;
				PRODUCT_BUNDLE_IDENTIFIER = com.jiyeon.SwiftConcurrencyUITests;
				PRODUCT_NAME = "$(TARGET_NAME)";
				SWIFT_EMIT_LOC_STRINGS = NO;
				SWIFT_VERSION = 5.0;
				TARGETED_DEVICE_FAMILY = "1,2";
				TEST_TARGET_NAME = SwiftConcurrency;
			};
			name = Release;
		};
/* End XCBuildConfiguration section */

/* Begin XCConfigurationList section */
		CE5C4EAE2B31256D00C13147 /* Build configuration list for PBXProject "SwiftConcurrency" */ = {
			isa = XCConfigurationList;
			buildConfigurations = (
				CE5C4EDB2B31256F00C13147 /* Debug */,
				CE5C4EDC2B31256F00C13147 /* Release */,
			);
			defaultConfigurationIsVisible = 0;
			defaultConfigurationName = Release;
		};
		CE5C4EDD2B31256F00C13147 /* Build configuration list for PBXNativeTarget "SwiftConcurrency" */ = {
			isa = XCConfigurationList;
			buildConfigurations = (
				CE5C4EDE2B31256F00C13147 /* Debug */,
				CE5C4EDF2B31256F00C13147 /* Release */,
			);
			defaultConfigurationIsVisible = 0;
			defaultConfigurationName = Release;
		};
		CE5C4EE02B31256F00C13147 /* Build configuration list for PBXNativeTarget "SwiftConcurrencyTests" */ = {
			isa = XCConfigurationList;
			buildConfigurations = (
				CE5C4EE12B31256F00C13147 /* Debug */,
				CE5C4EE22B31256F00C13147 /* Release */,
			);
			defaultConfigurationIsVisible = 0;
			defaultConfigurationName = Release;
		};
		CE5C4EE32B31256F00C13147 /* Build configuration list for PBXNativeTarget "SwiftConcurrencyUITests" */ = {
			isa = XCConfigurationList;
			buildConfigurations = (
				CE5C4EE42B31256F00C13147 /* Debug */,
				CE5C4EE52B31256F00C13147 /* Release */,
			);
			defaultConfigurationIsVisible = 0;
			defaultConfigurationName = Release;
		};
/* End XCConfigurationList section */
	};
	rootObject = CE5C4EAB2B31256D00C13147 /* Project object */;
}
